// !$*UTF8*$!
{
	archiveVersion = 1;
	classes = {
	};
	objectVersion = 46;
	objects = {

/* Begin PBXBuildFile section */
		1F16AD6C1F3F45E100AAEA51 /* GS_Animation.swift in Sources */ = {isa = PBXBuildFile; fileRef = 1F16AD6B1F3F45E100AAEA51 /* GS_Animation.swift */; };
		1F1DA1051F6FBBC900634AF1 /* UIShadow.swift in Sources */ = {isa = PBXBuildFile; fileRef = 1F1DA1041F6FBBC900634AF1 /* UIShadow.swift */; };
		1F26CA271F41B93500691519 /* GS_ActionStats.swift in Sources */ = {isa = PBXBuildFile; fileRef = 1F26CA261F41B93500691519 /* GS_ActionStats.swift */; };
		1F2AEDB61EFD5862001AEBB7 /* AppDelegate.swift in Sources */ = {isa = PBXBuildFile; fileRef = 1F2AEDB51EFD5862001AEBB7 /* AppDelegate.swift */; };
		1F2AEDBA1EFD5863001AEBB7 /* Actions.sks in Resources */ = {isa = PBXBuildFile; fileRef = 1F2AEDB91EFD5863001AEBB7 /* Actions.sks */; };
		1F2AEDBC1EFD5863001AEBB7 /* GameScene.swift in Sources */ = {isa = PBXBuildFile; fileRef = 1F2AEDBB1EFD5863001AEBB7 /* GameScene.swift */; };
		1F2AEDBE1EFD5863001AEBB7 /* GameViewController.swift in Sources */ = {isa = PBXBuildFile; fileRef = 1F2AEDBD1EFD5863001AEBB7 /* GameViewController.swift */; };
		1F2AEDC11EFD5863001AEBB7 /* Main.storyboard in Resources */ = {isa = PBXBuildFile; fileRef = 1F2AEDBF1EFD5863001AEBB7 /* Main.storyboard */; };
		1F2AEDC61EFD5863001AEBB7 /* LaunchScreen.storyboard in Resources */ = {isa = PBXBuildFile; fileRef = 1F2AEDC41EFD5863001AEBB7 /* LaunchScreen.storyboard */; };
		1F2AEDD11EFD5863001AEBB7 /* match3Tests.swift in Sources */ = {isa = PBXBuildFile; fileRef = 1F2AEDD01EFD5863001AEBB7 /* match3Tests.swift */; };
		1F2AEDDC1EFD5863001AEBB7 /* match3UITests.swift in Sources */ = {isa = PBXBuildFile; fileRef = 1F2AEDDB1EFD5863001AEBB7 /* match3UITests.swift */; };
		1F2D82111F7E385D00710D50 /* Assets.xcassets in Resources */ = {isa = PBXBuildFile; fileRef = 1F2D82101F7E385C00710D50 /* Assets.xcassets */; };
		1F2D82131F80CB7D00710D50 /* Player_LabelOverHead.swift in Sources */ = {isa = PBXBuildFile; fileRef = 1F2D82121F80CB7D00710D50 /* Player_LabelOverHead.swift */; };
		1F2D82151F80D09300710D50 /* Enemy_LabelOverHead.swift in Sources */ = {isa = PBXBuildFile; fileRef = 1F2D82141F80D09300710D50 /* Enemy_LabelOverHead.swift */; };
		1F2D82201F8277E200710D50 /* Stony-Stand.atlas in Resources */ = {isa = PBXBuildFile; fileRef = 1F2D821E1F8277E200710D50 /* Stony-Stand.atlas */; };
		1F2D82211F8277E200710D50 /* Stony-Attack.atlas in Resources */ = {isa = PBXBuildFile; fileRef = 1F2D821F1F8277E200710D50 /* Stony-Attack.atlas */; };
		1F3E25EF1F582C3E004C48D7 /* Player.swift in Sources */ = {isa = PBXBuildFile; fileRef = 1F3E25EE1F582C3E004C48D7 /* Player.swift */; };
		1F443DB61F55998200D5CBD5 /* Enemy.swift in Sources */ = {isa = PBXBuildFile; fileRef = 1F443DB51F55998200D5CBD5 /* Enemy.swift */; };
		1F5EE8861F70ECDB0099F969 /* GS_EnemyControll.swift in Sources */ = {isa = PBXBuildFile; fileRef = 1F5EE8851F70ECDB0099F969 /* GS_EnemyControll.swift */; };
		1F6AA25A1F35944B002586DD /* GS_CheckArr.swift in Sources */ = {isa = PBXBuildFile; fileRef = 1F6AA2591F35944B002586DD /* GS_CheckArr.swift */; };
		1F6AA25B1F361642002586DD /* GameScene.sks in Resources */ = {isa = PBXBuildFile; fileRef = 1F2AEDB71EFD5863001AEBB7 /* GameScene.sks */; };
		1FB1A15A1F009BF0004EEA96 /* GS_Match.swift in Sources */ = {isa = PBXBuildFile; fileRef = 1FB1A1591F009BF0004EEA96 /* GS_Match.swift */; };
		1FE14C1D1F00D30500B7138A /* GS_ActionGesture.swift in Sources */ = {isa = PBXBuildFile; fileRef = 1FE14C1C1F00D30500B7138A /* GS_ActionGesture.swift */; };
		1FF48F861F7E30BA005D3DBF /* Player_PartsInit.swift in Sources */ = {isa = PBXBuildFile; fileRef = 1FF48F851F7E30BA005D3DBF /* Player_PartsInit.swift */; };
		1FFD4F6E1F76403600952F94 /* testAttack.atlas in Resources */ = {isa = PBXBuildFile; fileRef = 1FFD4F6D1F76403500952F94 /* testAttack.atlas */; };
		1FFD4F701F76406100952F94 /* testStand.atlas in Resources */ = {isa = PBXBuildFile; fileRef = 1FFD4F6F1F76406100952F94 /* testStand.atlas */; };
/* End PBXBuildFile section */

/* Begin PBXContainerItemProxy section */
		1F2AEDCD1EFD5863001AEBB7 /* PBXContainerItemProxy */ = {
			isa = PBXContainerItemProxy;
			containerPortal = 1F2AEDAA1EFD5862001AEBB7 /* Project object */;
			proxyType = 1;
			remoteGlobalIDString = 1F2AEDB11EFD5862001AEBB7;
			remoteInfo = match3;
		};
		1F2AEDD81EFD5863001AEBB7 /* PBXContainerItemProxy */ = {
			isa = PBXContainerItemProxy;
			containerPortal = 1F2AEDAA1EFD5862001AEBB7 /* Project object */;
			proxyType = 1;
			remoteGlobalIDString = 1F2AEDB11EFD5862001AEBB7;
			remoteInfo = match3;
		};
/* End PBXContainerItemProxy section */

/* Begin PBXFileReference section */
		1F16AD6B1F3F45E100AAEA51 /* GS_Animation.swift */ = {isa = PBXFileReference; fileEncoding = 4; lastKnownFileType = sourcecode.swift; path = GS_Animation.swift; sourceTree = "<group>"; };
		1F1DA1041F6FBBC900634AF1 /* UIShadow.swift */ = {isa = PBXFileReference; fileEncoding = 4; lastKnownFileType = sourcecode.swift; path = UIShadow.swift; sourceTree = "<group>"; };
		1F26CA261F41B93500691519 /* GS_ActionStats.swift */ = {isa = PBXFileReference; fileEncoding = 4; lastKnownFileType = sourcecode.swift; path = GS_ActionStats.swift; sourceTree = "<group>"; };
		1F2AEDB21EFD5862001AEBB7 /* match3.app */ = {isa = PBXFileReference; explicitFileType = wrapper.application; includeInIndex = 0; path = match3.app; sourceTree = BUILT_PRODUCTS_DIR; };
		1F2AEDB51EFD5862001AEBB7 /* AppDelegate.swift */ = {isa = PBXFileReference; lastKnownFileType = sourcecode.swift; path = AppDelegate.swift; sourceTree = "<group>"; };
		1F2AEDB71EFD5863001AEBB7 /* GameScene.sks */ = {isa = PBXFileReference; lastKnownFileType = file.sks; path = GameScene.sks; sourceTree = "<group>"; };
		1F2AEDB91EFD5863001AEBB7 /* Actions.sks */ = {isa = PBXFileReference; lastKnownFileType = file.sks; path = Actions.sks; sourceTree = "<group>"; };
		1F2AEDBB1EFD5863001AEBB7 /* GameScene.swift */ = {isa = PBXFileReference; lastKnownFileType = sourcecode.swift; path = GameScene.swift; sourceTree = "<group>"; };
		1F2AEDBD1EFD5863001AEBB7 /* GameViewController.swift */ = {isa = PBXFileReference; lastKnownFileType = sourcecode.swift; path = GameViewController.swift; sourceTree = "<group>"; };
		1F2AEDC01EFD5863001AEBB7 /* Base */ = {isa = PBXFileReference; lastKnownFileType = file.storyboard; name = Base; path = Base.lproj/Main.storyboard; sourceTree = "<group>"; };
		1F2AEDC51EFD5863001AEBB7 /* Base */ = {isa = PBXFileReference; lastKnownFileType = file.storyboard; name = Base; path = Base.lproj/LaunchScreen.storyboard; sourceTree = "<group>"; };
		1F2AEDC71EFD5863001AEBB7 /* Info.plist */ = {isa = PBXFileReference; lastKnownFileType = text.plist.xml; path = Info.plist; sourceTree = "<group>"; };
		1F2AEDCC1EFD5863001AEBB7 /* match3Tests.xctest */ = {isa = PBXFileReference; explicitFileType = wrapper.cfbundle; includeInIndex = 0; path = match3Tests.xctest; sourceTree = BUILT_PRODUCTS_DIR; };
		1F2AEDD01EFD5863001AEBB7 /* match3Tests.swift */ = {isa = PBXFileReference; lastKnownFileType = sourcecode.swift; path = match3Tests.swift; sourceTree = "<group>"; };
		1F2AEDD21EFD5863001AEBB7 /* Info.plist */ = {isa = PBXFileReference; lastKnownFileType = text.plist.xml; path = Info.plist; sourceTree = "<group>"; };
		1F2AEDD71EFD5863001AEBB7 /* match3UITests.xctest */ = {isa = PBXFileReference; explicitFileType = wrapper.cfbundle; includeInIndex = 0; path = match3UITests.xctest; sourceTree = BUILT_PRODUCTS_DIR; };
		1F2AEDDB1EFD5863001AEBB7 /* match3UITests.swift */ = {isa = PBXFileReference; lastKnownFileType = sourcecode.swift; path = match3UITests.swift; sourceTree = "<group>"; };
		1F2AEDDD1EFD5863001AEBB7 /* Info.plist */ = {isa = PBXFileReference; lastKnownFileType = text.plist.xml; path = Info.plist; sourceTree = "<group>"; };
		1F2D82101F7E385C00710D50 /* Assets.xcassets */ = {isa = PBXFileReference; lastKnownFileType = folder.assetcatalog; path = Assets.xcassets; sourceTree = "<group>"; };
		1F2D82121F80CB7D00710D50 /* Player_LabelOverHead.swift */ = {isa = PBXFileReference; lastKnownFileType = sourcecode.swift; path = Player_LabelOverHead.swift; sourceTree = "<group>"; };
		1F2D82141F80D09300710D50 /* Enemy_LabelOverHead.swift */ = {isa = PBXFileReference; lastKnownFileType = sourcecode.swift; path = Enemy_LabelOverHead.swift; sourceTree = "<group>"; };
		1F2D821E1F8277E200710D50 /* Stony-Stand.atlas */ = {isa = PBXFileReference; lastKnownFileType = folder.skatlas; name = "Stony-Stand.atlas"; path = "../../../../../Desktop/Stony/Stony-Stand.atlas"; sourceTree = "<group>"; };
		1F2D821F1F8277E200710D50 /* Stony-Attack.atlas */ = {isa = PBXFileReference; lastKnownFileType = folder.skatlas; name = "Stony-Attack.atlas"; path = "../../../../../Desktop/Stony/Stony-Attack.atlas"; sourceTree = "<group>"; };
		1F3E25EE1F582C3E004C48D7 /* Player.swift */ = {isa = PBXFileReference; fileEncoding = 4; lastKnownFileType = sourcecode.swift; path = Player.swift; sourceTree = "<group>"; };
		1F443DB51F55998200D5CBD5 /* Enemy.swift */ = {isa = PBXFileReference; fileEncoding = 4; lastKnownFileType = sourcecode.swift; path = Enemy.swift; sourceTree = "<group>"; };
		1F5EE8851F70ECDB0099F969 /* GS_EnemyControll.swift */ = {isa = PBXFileReference; fileEncoding = 4; lastKnownFileType = sourcecode.swift; path = GS_EnemyControll.swift; sourceTree = "<group>"; };
		1F6AA2591F35944B002586DD /* GS_CheckArr.swift */ = {isa = PBXFileReference; fileEncoding = 4; lastKnownFileType = sourcecode.swift; path = GS_CheckArr.swift; sourceTree = "<group>"; };
		1FB1A1591F009BF0004EEA96 /* GS_Match.swift */ = {isa = PBXFileReference; fileEncoding = 4; lastKnownFileType = sourcecode.swift; path = GS_Match.swift; sourceTree = "<group>"; };
		1FE14C1C1F00D30500B7138A /* GS_ActionGesture.swift */ = {isa = PBXFileReference; fileEncoding = 4; lastKnownFileType = sourcecode.swift; path = GS_ActionGesture.swift; sourceTree = "<group>"; };
		1FF48F851F7E30BA005D3DBF /* Player_PartsInit.swift */ = {isa = PBXFileReference; lastKnownFileType = sourcecode.swift; path = Player_PartsInit.swift; sourceTree = "<group>"; };
		1FFD4F6D1F76403500952F94 /* testAttack.atlas */ = {isa = PBXFileReference; lastKnownFileType = folder.skatlas; path = testAttack.atlas; sourceTree = "<group>"; };
		1FFD4F6F1F76406100952F94 /* testStand.atlas */ = {isa = PBXFileReference; lastKnownFileType = folder.skatlas; path = testStand.atlas; sourceTree = "<group>"; };
/* End PBXFileReference section */

/* Begin PBXFrameworksBuildPhase section */
		1F2AEDAF1EFD5862001AEBB7 /* Frameworks */ = {
			isa = PBXFrameworksBuildPhase;
			buildActionMask = 2147483647;
			files = (
			);
			runOnlyForDeploymentPostprocessing = 0;
		};
		1F2AEDC91EFD5863001AEBB7 /* Frameworks */ = {
			isa = PBXFrameworksBuildPhase;
			buildActionMask = 2147483647;
			files = (
			);
			runOnlyForDeploymentPostprocessing = 0;
		};
		1F2AEDD41EFD5863001AEBB7 /* Frameworks */ = {
			isa = PBXFrameworksBuildPhase;
			buildActionMask = 2147483647;
			files = (
			);
			runOnlyForDeploymentPostprocessing = 0;
		};
/* End PBXFrameworksBuildPhase section */

/* Begin PBXGroup section */
		1F2AEDA91EFD5862001AEBB7 = {
			isa = PBXGroup;
			children = (
				1F2AEDB41EFD5862001AEBB7 /* match3 */,
				1F2AEDCF1EFD5863001AEBB7 /* match3Tests */,
				1F2AEDDA1EFD5863001AEBB7 /* match3UITests */,
				1F2AEDB31EFD5862001AEBB7 /* Products */,
			);
			sourceTree = "<group>";
		};
		1F2AEDB31EFD5862001AEBB7 /* Products */ = {
			isa = PBXGroup;
			children = (
				1F2AEDB21EFD5862001AEBB7 /* match3.app */,
				1F2AEDCC1EFD5863001AEBB7 /* match3Tests.xctest */,
				1F2AEDD71EFD5863001AEBB7 /* match3UITests.xctest */,
			);
			name = Products;
			sourceTree = "<group>";
		};
		1F2AEDB41EFD5862001AEBB7 /* match3 */ = {
			isa = PBXGroup;
			children = (
				1F2D82101F7E385C00710D50 /* Assets.xcassets */,
				1F2AEDB51EFD5862001AEBB7 /* AppDelegate.swift */,
				1F2AEDB71EFD5863001AEBB7 /* GameScene.sks */,
				1F2AEDB91EFD5863001AEBB7 /* Actions.sks */,
				1F2AEDBD1EFD5863001AEBB7 /* GameViewController.swift */,
				1F2AEDBF1EFD5863001AEBB7 /* Main.storyboard */,
				1F2AEDC41EFD5863001AEBB7 /* LaunchScreen.storyboard */,
				1F2AEDC71EFD5863001AEBB7 /* Info.plist */,
				1FD658F71F7E259600F808F4 /* UIClass */,
				1FD658F21F7E24BC00F808F4 /* EnemyAtlas */,
				1FD658F41F7E250300F808F4 /* GameClass */,
			);
			path = match3;
			sourceTree = "<group>";
		};
		1F2AEDCF1EFD5863001AEBB7 /* match3Tests */ = {
			isa = PBXGroup;
			children = (
				1F2AEDD01EFD5863001AEBB7 /* match3Tests.swift */,
				1F2AEDD21EFD5863001AEBB7 /* Info.plist */,
			);
			path = match3Tests;
			sourceTree = "<group>";
		};
		1F2AEDDA1EFD5863001AEBB7 /* match3UITests */ = {
			isa = PBXGroup;
			children = (
				1F2AEDDB1EFD5863001AEBB7 /* match3UITests.swift */,
				1F2AEDDD1EFD5863001AEBB7 /* Info.plist */,
			);
			path = match3UITests;
			sourceTree = "<group>";
		};
		1F2D821A1F8277A200710D50 /* Stony */ = {
			isa = PBXGroup;
			children = (
				1F2D821F1F8277E200710D50 /* Stony-Attack.atlas */,
				1F2D821E1F8277E200710D50 /* Stony-Stand.atlas */,
			);
			path = Stony;
			sourceTree = "<group>";
		};
		1FD658F21F7E24BC00F808F4 /* EnemyAtlas */ = {
			isa = PBXGroup;
			children = (
				1F2D821A1F8277A200710D50 /* Stony */,
				1FFD4F6F1F76406100952F94 /* testStand.atlas */,
				1FFD4F6D1F76403500952F94 /* testAttack.atlas */,
			);
			path = EnemyAtlas;
			sourceTree = "<group>";
		};
		1FD658F31F7E24CC00F808F4 /* GameSceneClass */ = {
			isa = PBXGroup;
			children = (
				1FB1A1591F009BF0004EEA96 /* GS_Match.swift */,
				1FE14C1C1F00D30500B7138A /* GS_ActionGesture.swift */,
				1F6AA2591F35944B002586DD /* GS_CheckArr.swift */,
				1F16AD6B1F3F45E100AAEA51 /* GS_Animation.swift */,
				1F26CA261F41B93500691519 /* GS_ActionStats.swift */,
				1F5EE8851F70ECDB0099F969 /* GS_EnemyControll.swift */,
				1F2AEDBB1EFD5863001AEBB7 /* GameScene.swift */,
			);
			path = GameSceneClass;
			sourceTree = "<group>";
		};
		1FD658F41F7E250300F808F4 /* GameClass */ = {
			isa = PBXGroup;
			children = (
				1FD658F61F7E257E00F808F4 /* PlayerClass */,
				1FD658F51F7E257400F808F4 /* EnemyClass */,
				1FD658F31F7E24CC00F808F4 /* GameSceneClass */,
			);
			path = GameClass;
			sourceTree = "<group>";
		};
		1FD658F51F7E257400F808F4 /* EnemyClass */ = {
			isa = PBXGroup;
			children = (
				1F443DB51F55998200D5CBD5 /* Enemy.swift */,
				1F2D82141F80D09300710D50 /* Enemy_LabelOverHead.swift */,
			);
			path = EnemyClass;
			sourceTree = "<group>";
		};
		1FD658F61F7E257E00F808F4 /* PlayerClass */ = {
			isa = PBXGroup;
			children = (
				1F3E25EE1F582C3E004C48D7 /* Player.swift */,
				1FF48F851F7E30BA005D3DBF /* Player_PartsInit.swift */,
				1F2D82121F80CB7D00710D50 /* Player_LabelOverHead.swift */,
			);
			path = PlayerClass;
			sourceTree = "<group>";
		};
		1FD658F71F7E259600F808F4 /* UIClass */ = {
			isa = PBXGroup;
			children = (
				1F1DA1041F6FBBC900634AF1 /* UIShadow.swift */,
			);
			path = UIClass;
			sourceTree = "<group>";
		};
/* End PBXGroup section */

/* Begin PBXNativeTarget section */
		1F2AEDB11EFD5862001AEBB7 /* match3 */ = {
			isa = PBXNativeTarget;
			buildConfigurationList = 1F2AEDE01EFD5863001AEBB7 /* Build configuration list for PBXNativeTarget "match3" */;
			buildPhases = (
				1F2AEDAE1EFD5862001AEBB7 /* Sources */,
				1F2AEDAF1EFD5862001AEBB7 /* Frameworks */,
				1F2AEDB01EFD5862001AEBB7 /* Resources */,
			);
			buildRules = (
			);
			dependencies = (
			);
			name = match3;
			productName = match3;
			productReference = 1F2AEDB21EFD5862001AEBB7 /* match3.app */;
			productType = "com.apple.product-type.application";
		};
		1F2AEDCB1EFD5863001AEBB7 /* match3Tests */ = {
			isa = PBXNativeTarget;
			buildConfigurationList = 1F2AEDE31EFD5863001AEBB7 /* Build configuration list for PBXNativeTarget "match3Tests" */;
			buildPhases = (
				1F2AEDC81EFD5863001AEBB7 /* Sources */,
				1F2AEDC91EFD5863001AEBB7 /* Frameworks */,
				1F2AEDCA1EFD5863001AEBB7 /* Resources */,
			);
			buildRules = (
			);
			dependencies = (
				1F2AEDCE1EFD5863001AEBB7 /* PBXTargetDependency */,
			);
			name = match3Tests;
			productName = match3Tests;
			productReference = 1F2AEDCC1EFD5863001AEBB7 /* match3Tests.xctest */;
			productType = "com.apple.product-type.bundle.unit-test";
		};
		1F2AEDD61EFD5863001AEBB7 /* match3UITests */ = {
			isa = PBXNativeTarget;
			buildConfigurationList = 1F2AEDE61EFD5863001AEBB7 /* Build configuration list for PBXNativeTarget "match3UITests" */;
			buildPhases = (
				1F2AEDD31EFD5863001AEBB7 /* Sources */,
				1F2AEDD41EFD5863001AEBB7 /* Frameworks */,
				1F2AEDD51EFD5863001AEBB7 /* Resources */,
			);
			buildRules = (
			);
			dependencies = (
				1F2AEDD91EFD5863001AEBB7 /* PBXTargetDependency */,
			);
			name = match3UITests;
			productName = match3UITests;
			productReference = 1F2AEDD71EFD5863001AEBB7 /* match3UITests.xctest */;
			productType = "com.apple.product-type.bundle.ui-testing";
		};
/* End PBXNativeTarget section */

/* Begin PBXProject section */
		1F2AEDAA1EFD5862001AEBB7 /* Project object */ = {
			isa = PBXProject;
			attributes = {
				LastSwiftUpdateCheck = 0830;
				LastUpgradeCheck = 0830;
				ORGANIZATIONNAME = "Женя";
				TargetAttributes = {
					1F2AEDB11EFD5862001AEBB7 = {
						CreatedOnToolsVersion = 8.3.3;
						DevelopmentTeam = WKK4K5T5H2;
						ProvisioningStyle = Automatic;
					};
					1F2AEDCB1EFD5863001AEBB7 = {
						CreatedOnToolsVersion = 8.3.3;
						ProvisioningStyle = Automatic;
						TestTargetID = 1F2AEDB11EFD5862001AEBB7;
					};
					1F2AEDD61EFD5863001AEBB7 = {
						CreatedOnToolsVersion = 8.3.3;
						ProvisioningStyle = Automatic;
						TestTargetID = 1F2AEDB11EFD5862001AEBB7;
					};
				};
			};
			buildConfigurationList = 1F2AEDAD1EFD5862001AEBB7 /* Build configuration list for PBXProject "match3" */;
			compatibilityVersion = "Xcode 3.2";
			developmentRegion = English;
			hasScannedForEncodings = 0;
			knownRegions = (
				en,
				Base,
			);
			mainGroup = 1F2AEDA91EFD5862001AEBB7;
			productRefGroup = 1F2AEDB31EFD5862001AEBB7 /* Products */;
			projectDirPath = "";
			projectRoot = "";
			targets = (
				1F2AEDB11EFD5862001AEBB7 /* match3 */,
				1F2AEDCB1EFD5863001AEBB7 /* match3Tests */,
				1F2AEDD61EFD5863001AEBB7 /* match3UITests */,
			);
		};
/* End PBXProject section */

/* Begin PBXResourcesBuildPhase section */
		1F2AEDB01EFD5862001AEBB7 /* Resources */ = {
			isa = PBXResourcesBuildPhase;
			buildActionMask = 2147483647;
			files = (
				1F2D82201F8277E200710D50 /* Stony-Stand.atlas in Resources */,
				1F2AEDC11EFD5863001AEBB7 /* Main.storyboard in Resources */,
				1FFD4F701F76406100952F94 /* testStand.atlas in Resources */,
				1F2D82211F8277E200710D50 /* Stony-Attack.atlas in Resources */,
				1F6AA25B1F361642002586DD /* GameScene.sks in Resources */,
				1F2AEDC61EFD5863001AEBB7 /* LaunchScreen.storyboard in Resources */,
				1F2D82111F7E385D00710D50 /* Assets.xcassets in Resources */,
				1F2AEDBA1EFD5863001AEBB7 /* Actions.sks in Resources */,
				1FFD4F6E1F76403600952F94 /* testAttack.atlas in Resources */,
			);
			runOnlyForDeploymentPostprocessing = 0;
		};
		1F2AEDCA1EFD5863001AEBB7 /* Resources */ = {
			isa = PBXResourcesBuildPhase;
			buildActionMask = 2147483647;
			files = (
			);
			runOnlyForDeploymentPostprocessing = 0;
		};
		1F2AEDD51EFD5863001AEBB7 /* Resources */ = {
			isa = PBXResourcesBuildPhase;
			buildActionMask = 2147483647;
			files = (
			);
			runOnlyForDeploymentPostprocessing = 0;
		};
/* End PBXResourcesBuildPhase section */

/* Begin PBXSourcesBuildPhase section */
		1F2AEDAE1EFD5862001AEBB7 /* Sources */ = {
			isa = PBXSourcesBuildPhase;
			buildActionMask = 2147483647;
			files = (
				1F3E25EF1F582C3E004C48D7 /* Player.swift in Sources */,
				1F1DA1051F6FBBC900634AF1 /* UIShadow.swift in Sources */,
				1F6AA25A1F35944B002586DD /* GS_CheckArr.swift in Sources */,
				1F2D82131F80CB7D00710D50 /* Player_LabelOverHead.swift in Sources */,
				1F5EE8861F70ECDB0099F969 /* GS_EnemyControll.swift in Sources */,
				1F2AEDBC1EFD5863001AEBB7 /* GameScene.swift in Sources */,
				1FF48F861F7E30BA005D3DBF /* Player_PartsInit.swift in Sources */,
				1F2D82151F80D09300710D50 /* Enemy_LabelOverHead.swift in Sources */,
				1F2AEDBE1EFD5863001AEBB7 /* GameViewController.swift in Sources */,
				1FE14C1D1F00D30500B7138A /* GS_ActionGesture.swift in Sources */,
				1F2AEDB61EFD5862001AEBB7 /* AppDelegate.swift in Sources */,
				1F443DB61F55998200D5CBD5 /* Enemy.swift in Sources */,
				1F26CA271F41B93500691519 /* GS_ActionStats.swift in Sources */,
				1F16AD6C1F3F45E100AAEA51 /* GS_Animation.swift in Sources */,
				1FB1A15A1F009BF0004EEA96 /* GS_Match.swift in Sources */,
			);
			runOnlyForDeploymentPostprocessing = 0;
		};
		1F2AEDC81EFD5863001AEBB7 /* Sources */ = {
			isa = PBXSourcesBuildPhase;
			buildActionMask = 2147483647;
			files = (
				1F2AEDD11EFD5863001AEBB7 /* match3Tests.swift in Sources */,
			);
			runOnlyForDeploymentPostprocessing = 0;
		};
		1F2AEDD31EFD5863001AEBB7 /* Sources */ = {
			isa = PBXSourcesBuildPhase;
			buildActionMask = 2147483647;
			files = (
				1F2AEDDC1EFD5863001AEBB7 /* match3UITests.swift in Sources */,
			);
			runOnlyForDeploymentPostprocessing = 0;
		};
/* End PBXSourcesBuildPhase section */

/* Begin PBXTargetDependency section */
		1F2AEDCE1EFD5863001AEBB7 /* PBXTargetDependency */ = {
			isa = PBXTargetDependency;
			target = 1F2AEDB11EFD5862001AEBB7 /* match3 */;
			targetProxy = 1F2AEDCD1EFD5863001AEBB7 /* PBXContainerItemProxy */;
		};
		1F2AEDD91EFD5863001AEBB7 /* PBXTargetDependency */ = {
			isa = PBXTargetDependency;
			target = 1F2AEDB11EFD5862001AEBB7 /* match3 */;
			targetProxy = 1F2AEDD81EFD5863001AEBB7 /* PBXContainerItemProxy */;
		};
/* End PBXTargetDependency section */

/* Begin PBXVariantGroup section */
		1F2AEDBF1EFD5863001AEBB7 /* Main.storyboard */ = {
			isa = PBXVariantGroup;
			children = (
				1F2AEDC01EFD5863001AEBB7 /* Base */,
			);
			name = Main.storyboard;
			sourceTree = "<group>";
		};
		1F2AEDC41EFD5863001AEBB7 /* LaunchScreen.storyboard */ = {
			isa = PBXVariantGroup;
			children = (
				1F2AEDC51EFD5863001AEBB7 /* Base */,
			);
			name = LaunchScreen.storyboard;
			sourceTree = "<group>";
		};
/* End PBXVariantGroup section */

/* Begin XCBuildConfiguration section */
		1F2AEDDE1EFD5863001AEBB7 /* Debug */ = {
			isa = XCBuildConfiguration;
			buildSettings = {
				ALWAYS_SEARCH_USER_PATHS = NO;
				CLANG_ANALYZER_NONNULL = YES;
				CLANG_ANALYZER_NUMBER_OBJECT_CONVERSION = YES_AGGRESSIVE;
				CLANG_CXX_LANGUAGE_STANDARD = "gnu++0x";
				CLANG_CXX_LIBRARY = "libc++";
				CLANG_ENABLE_MODULES = YES;
				CLANG_ENABLE_OBJC_ARC = YES;
				CLANG_WARN_BOOL_CONVERSION = YES;
				CLANG_WARN_CONSTANT_CONVERSION = YES;
				CLANG_WARN_DIRECT_OBJC_ISA_USAGE = YES_ERROR;
				CLANG_WARN_DOCUMENTATION_COMMENTS = YES;
				CLANG_WARN_EMPTY_BODY = YES;
				CLANG_WARN_ENUM_CONVERSION = YES;
				CLANG_WARN_INFINITE_RECURSION = YES;
				CLANG_WARN_INT_CONVERSION = YES;
				CLANG_WARN_OBJC_ROOT_CLASS = YES_ERROR;
				CLANG_WARN_SUSPICIOUS_MOVE = YES;
				CLANG_WARN_UNREACHABLE_CODE = YES;
				CLANG_WARN__DUPLICATE_METHOD_MATCH = YES;
				"CODE_SIGN_IDENTITY[sdk=iphoneos*]" = "iPhone Developer";
				COPY_PHASE_STRIP = NO;
				DEBUG_INFORMATION_FORMAT = dwarf;
				ENABLE_STRICT_OBJC_MSGSEND = YES;
				ENABLE_TESTABILITY = YES;
				GCC_C_LANGUAGE_STANDARD = gnu99;
				GCC_DYNAMIC_NO_PIC = NO;
				GCC_NO_COMMON_BLOCKS = YES;
				GCC_OPTIMIZATION_LEVEL = 0;
				GCC_PREPROCESSOR_DEFINITIONS = (
					"DEBUG=1",
					"$(inherited)",
				);
				GCC_WARN_64_TO_32_BIT_CONVERSION = YES;
				GCC_WARN_ABOUT_RETURN_TYPE = YES_ERROR;
				GCC_WARN_UNDECLARED_SELECTOR = YES;
				GCC_WARN_UNINITIALIZED_AUTOS = YES_AGGRESSIVE;
				GCC_WARN_UNUSED_FUNCTION = YES;
				GCC_WARN_UNUSED_VARIABLE = YES;
				IPHONEOS_DEPLOYMENT_TARGET = 11.0;
				MTL_ENABLE_DEBUG_INFO = YES;
				ONLY_ACTIVE_ARCH = YES;
				SDKROOT = iphoneos;
				SWIFT_ACTIVE_COMPILATION_CONDITIONS = DEBUG;
				SWIFT_OPTIMIZATION_LEVEL = "-Onone";
			};
			name = Debug;
		};
		1F2AEDDF1EFD5863001AEBB7 /* Release */ = {
			isa = XCBuildConfiguration;
			buildSettings = {
				ALWAYS_SEARCH_USER_PATHS = NO;
				CLANG_ANALYZER_NONNULL = YES;
				CLANG_ANALYZER_NUMBER_OBJECT_CONVERSION = YES_AGGRESSIVE;
				CLANG_CXX_LANGUAGE_STANDARD = "gnu++0x";
				CLANG_CXX_LIBRARY = "libc++";
				CLANG_ENABLE_MODULES = YES;
				CLANG_ENABLE_OBJC_ARC = YES;
				CLANG_WARN_BOOL_CONVERSION = YES;
				CLANG_WARN_CONSTANT_CONVERSION = YES;
				CLANG_WARN_DIRECT_OBJC_ISA_USAGE = YES_ERROR;
				CLANG_WARN_DOCUMENTATION_COMMENTS = YES;
				CLANG_WARN_EMPTY_BODY = YES;
				CLANG_WARN_ENUM_CONVERSION = YES;
				CLANG_WARN_INFINITE_RECURSION = YES;
				CLANG_WARN_INT_CONVERSION = YES;
				CLANG_WARN_OBJC_ROOT_CLASS = YES_ERROR;
				CLANG_WARN_SUSPICIOUS_MOVE = YES;
				CLANG_WARN_UNREACHABLE_CODE = YES;
				CLANG_WARN__DUPLICATE_METHOD_MATCH = YES;
				"CODE_SIGN_IDENTITY[sdk=iphoneos*]" = "iPhone Developer";
				COPY_PHASE_STRIP = NO;
				DEBUG_INFORMATION_FORMAT = "dwarf-with-dsym";
				ENABLE_NS_ASSERTIONS = NO;
				ENABLE_STRICT_OBJC_MSGSEND = YES;
				GCC_C_LANGUAGE_STANDARD = gnu99;
				GCC_NO_COMMON_BLOCKS = YES;
				GCC_WARN_64_TO_32_BIT_CONVERSION = YES;
				GCC_WARN_ABOUT_RETURN_TYPE = YES_ERROR;
				GCC_WARN_UNDECLARED_SELECTOR = YES;
				GCC_WARN_UNINITIALIZED_AUTOS = YES_AGGRESSIVE;
				GCC_WARN_UNUSED_FUNCTION = YES;
				GCC_WARN_UNUSED_VARIABLE = YES;
				IPHONEOS_DEPLOYMENT_TARGET = 11.0;
				MTL_ENABLE_DEBUG_INFO = NO;
				SDKROOT = iphoneos;
				SWIFT_OPTIMIZATION_LEVEL = "-Owholemodule";
				VALIDATE_PRODUCT = YES;
			};
			name = Release;
		};
		1F2AEDE11EFD5863001AEBB7 /* Debug */ = {
			isa = XCBuildConfiguration;
			buildSettings = {
				ASSETCATALOG_COMPILER_APPICON_NAME = AppIcon;
				DEVELOPMENT_TEAM = WKK4K5T5H2;
				INFOPLIST_FILE = match3/Info.plist;
				IPHONEOS_DEPLOYMENT_TARGET = 10.3;
				LD_RUNPATH_SEARCH_PATHS = "$(inherited) @executable_path/Frameworks";
				PRODUCT_BUNDLE_IDENTIFIER = com.GetAptSudo.Match3;
				PRODUCT_NAME = "$(TARGET_NAME)";
				SWIFT_VERSION = 3.0;
			};
			name = Debug;
		};
		1F2AEDE21EFD5863001AEBB7 /* Release */ = {
			isa = XCBuildConfiguration;
			buildSettings = {
				ASSETCATALOG_COMPILER_APPICON_NAME = AppIcon;
				DEVELOPMENT_TEAM = WKK4K5T5H2;
				INFOPLIST_FILE = match3/Info.plist;
				IPHONEOS_DEPLOYMENT_TARGET = 10.3;
				LD_RUNPATH_SEARCH_PATHS = "$(inherited) @executable_path/Frameworks";
				PRODUCT_BUNDLE_IDENTIFIER = com.GetAptSudo.Match3;
				PRODUCT_NAME = "$(TARGET_NAME)";
				SWIFT_VERSION = 3.0;
			};
			name = Release;
		};
		1F2AEDE41EFD5863001AEBB7 /* Debug */ = {
			isa = XCBuildConfiguration;
			buildSettings = {
				ALWAYS_EMBED_SWIFT_STANDARD_LIBRARIES = YES;
				BUNDLE_LOADER = "$(TEST_HOST)";
				INFOPLIST_FILE = match3Tests/Info.plist;
				LD_RUNPATH_SEARCH_PATHS = "$(inherited) @executable_path/Frameworks @loader_path/Frameworks";
				PRODUCT_BUNDLE_IDENTIFIER = com.qwe.qwe.match3Tests;
				PRODUCT_NAME = "$(TARGET_NAME)";
				SWIFT_VERSION = 3.0;
				TEST_HOST = "$(BUILT_PRODUCTS_DIR)/match3.app/match3";
			};
			name = Debug;
		};
		1F2AEDE51EFD5863001AEBB7 /* Release */ = {
			isa = XCBuildConfiguration;
			buildSettings = {
				ALWAYS_EMBED_SWIFT_STANDARD_LIBRARIES = YES;
				BUNDLE_LOADER = "$(TEST_HOST)";
				INFOPLIST_FILE = match3Tests/Info.plist;
				LD_RUNPATH_SEARCH_PATHS = "$(inherited) @executable_path/Frameworks @loader_path/Frameworks";
				PRODUCT_BUNDLE_IDENTIFIER = com.qwe.qwe.match3Tests;
				PRODUCT_NAME = "$(TARGET_NAME)";
				SWIFT_VERSION = 3.0;
				TEST_HOST = "$(BUILT_PRODUCTS_DIR)/match3.app/match3";
			};
			name = Release;
		};
		1F2AEDE71EFD5863001AEBB7 /* Debug */ = {
			isa = XCBuildConfiguration;
			buildSettings = {
				ALWAYS_EMBED_SWIFT_STANDARD_LIBRARIES = YES;
				INFOPLIST_FILE = match3UITests/Info.plist;
				LD_RUNPATH_SEARCH_PATHS = "$(inherited) @executable_path/Frameworks @loader_path/Frameworks";
				PRODUCT_BUNDLE_IDENTIFIER = com.qwe.qwe.match3UITests;
				PRODUCT_NAME = "$(TARGET_NAME)";
				SWIFT_VERSION = 3.0;
				TEST_TARGET_NAME = match3;
			};
			name = Debug;
		};
		1F2AEDE81EFD5863001AEBB7 /* Release */ = {
			isa = XCBuildConfiguration;
			buildSettings = {
				ALWAYS_EMBED_SWIFT_STANDARD_LIBRARIES = YES;
				INFOPLIST_FILE = match3UITests/Info.plist;
				LD_RUNPATH_SEARCH_PATHS = "$(inherited) @executable_path/Frameworks @loader_path/Frameworks";
				PRODUCT_BUNDLE_IDENTIFIER = com.qwe.qwe.match3UITests;
				PRODUCT_NAME = "$(TARGET_NAME)";
				SWIFT_VERSION = 3.0;
				TEST_TARGET_NAME = match3;
			};
			name = Release;
		};
/* End XCBuildConfiguration section */

/* Begin XCConfigurationList section */
		1F2AEDAD1EFD5862001AEBB7 /* Build configuration list for PBXProject "match3" */ = {
			isa = XCConfigurationList;
			buildConfigurations = (
				1F2AEDDE1EFD5863001AEBB7 /* Debug */,
				1F2AEDDF1EFD5863001AEBB7 /* Release */,
			);
			defaultConfigurationIsVisible = 0;
			defaultConfigurationName = Release;
		};
		1F2AEDE01EFD5863001AEBB7 /* Build configuration list for PBXNativeTarget "match3" */ = {
			isa = XCConfigurationList;
			buildConfigurations = (
				1F2AEDE11EFD5863001AEBB7 /* Debug */,
				1F2AEDE21EFD5863001AEBB7 /* Release */,
			);
			defaultConfigurationIsVisible = 0;
			defaultConfigurationName = Release;
		};
		1F2AEDE31EFD5863001AEBB7 /* Build configuration list for PBXNativeTarget "match3Tests" */ = {
			isa = XCConfigurationList;
			buildConfigurations = (
				1F2AEDE41EFD5863001AEBB7 /* Debug */,
				1F2AEDE51EFD5863001AEBB7 /* Release */,
			);
			defaultConfigurationIsVisible = 0;
			defaultConfigurationName = Release;
		};
		1F2AEDE61EFD5863001AEBB7 /* Build configuration list for PBXNativeTarget "match3UITests" */ = {
			isa = XCConfigurationList;
			buildConfigurations = (
				1F2AEDE71EFD5863001AEBB7 /* Debug */,
				1F2AEDE81EFD5863001AEBB7 /* Release */,
			);
			defaultConfigurationIsVisible = 0;
			defaultConfigurationName = Release;
		};
/* End XCConfigurationList section */
	};
	rootObject = 1F2AEDAA1EFD5862001AEBB7 /* Project object */;
}
