// !$*UTF8*$!
{
	archiveVersion = 1;
	classes = {
	};
	objectVersion = 46;
	objects = {

/* Begin PBXBuildFile section */
		1F00B6EE1FAD9E2000C002B3 /* GS_EnemyCollection.swift in Sources */ = {isa = PBXBuildFile; fileRef = 1F00B6ED1FAD9E2000C002B3 /* GS_EnemyCollection.swift */; };
		1F00B6F21FAD9EF400C002B3 /* SteamPunkFlameThrower-Attack.atlas in Resources */ = {isa = PBXBuildFile; fileRef = 1F00B6F01FAD9EF400C002B3 /* SteamPunkFlameThrower-Attack.atlas */; };
		1F00B6F31FAD9EF400C002B3 /* SteamPunkFlameThrower-Stand.atlas in Resources */ = {isa = PBXBuildFile; fileRef = 1F00B6F11FAD9EF400C002B3 /* SteamPunkFlameThrower-Stand.atlas */; };
		1F00B6F71FAD9F0F00C002B3 /* SteamPunkPunch-Attack.atlas in Resources */ = {isa = PBXBuildFile; fileRef = 1F00B6F51FAD9F0F00C002B3 /* SteamPunkPunch-Attack.atlas */; };
		1F00B6F81FAD9F0F00C002B3 /* SteamPunkPunch-Stand.atlas in Resources */ = {isa = PBXBuildFile; fileRef = 1F00B6F61FAD9F0F00C002B3 /* SteamPunkPunch-Stand.atlas */; };
		1F00B6FD1FADB4AE00C002B3 /* munro.ttf in Resources */ = {isa = PBXBuildFile; fileRef = 1F00B6FA1FADB4AE00C002B3 /* munro.ttf */; };
		1F00B6FE1FADB4AE00C002B3 /* munro_narrow.ttf in Resources */ = {isa = PBXBuildFile; fileRef = 1F00B6FB1FADB4AE00C002B3 /* munro_narrow.ttf */; };
		1F00B6FF1FADB4AE00C002B3 /* munro_small.ttf in Resources */ = {isa = PBXBuildFile; fileRef = 1F00B6FC1FADB4AE00C002B3 /* munro_small.ttf */; };
		1F00B7061FADBC8900C002B3 /* Heart.sks in Resources */ = {isa = PBXBuildFile; fileRef = 1F00B7051FADBC8900C002B3 /* Heart.sks */; };
		1F00B70A1FAF588300C002B3 /* SteamPunkWalker-Attack.atlas in Resources */ = {isa = PBXBuildFile; fileRef = 1F00B7081FAF588300C002B3 /* SteamPunkWalker-Attack.atlas */; };
		1F00B70B1FAF588300C002B3 /* SteamPunkWalker-Stand.atlas in Resources */ = {isa = PBXBuildFile; fileRef = 1F00B7091FAF588300C002B3 /* SteamPunkWalker-Stand.atlas */; };
		1F00B70D1FB345E200C002B3 /* GS_BuildLevel.swift in Sources */ = {isa = PBXBuildFile; fileRef = 1F00B70C1FB345E200C002B3 /* GS_BuildLevel.swift */; };
		1F0E08DE2040498F00C8F348 /* Player-StrongAttack.atlas in Resources */ = {isa = PBXBuildFile; fileRef = 1F0E08DD2040498F00C8F348 /* Player-StrongAttack.atlas */; };
		1F11EF711FA5F20D00FD51B7 /* GameUI.xcassets in Resources */ = {isa = PBXBuildFile; fileRef = 1F11EF701FA5F20D00FD51B7 /* GameUI.xcassets */; };
		1F11EF761FA9A4C900FD51B7 /* Player-Attack.atlas in Resources */ = {isa = PBXBuildFile; fileRef = 1F11EF751FA9A4C900FD51B7 /* Player-Attack.atlas */; };
		1F13F9501FBD7104008DA2C9 /* CountClass.swift in Sources */ = {isa = PBXBuildFile; fileRef = 1F13F94F1FBD7104008DA2C9 /* CountClass.swift */; };
		1F13F9521FBDCA49008DA2C9 /* GS_HelpFunction.swift in Sources */ = {isa = PBXBuildFile; fileRef = 1F13F9511FBDCA49008DA2C9 /* GS_HelpFunction.swift */; };
		1F16AD6C1F3F45E100AAEA51 /* GS_Animation.swift in Sources */ = {isa = PBXBuildFile; fileRef = 1F16AD6B1F3F45E100AAEA51 /* GS_Animation.swift */; };
		1F1D5994203052A80024EB0A /* 1-1.json in Resources */ = {isa = PBXBuildFile; fileRef = 1F1D5993203052A70024EB0A /* 1-1.json */; };
		1F26CA271F41B93500691519 /* GS_ActionOnScene.swift in Sources */ = {isa = PBXBuildFile; fileRef = 1F26CA261F41B93500691519 /* GS_ActionOnScene.swift */; };
		1F2AEDB61EFD5862001AEBB7 /* AppDelegate.swift in Sources */ = {isa = PBXBuildFile; fileRef = 1F2AEDB51EFD5862001AEBB7 /* AppDelegate.swift */; };
		1F2AEDBA1EFD5863001AEBB7 /* Actions.sks in Resources */ = {isa = PBXBuildFile; fileRef = 1F2AEDB91EFD5863001AEBB7 /* Actions.sks */; };
		1F2AEDBC1EFD5863001AEBB7 /* GameScene.swift in Sources */ = {isa = PBXBuildFile; fileRef = 1F2AEDBB1EFD5863001AEBB7 /* GameScene.swift */; };
		1F2AEDBE1EFD5863001AEBB7 /* GameViewController.swift in Sources */ = {isa = PBXBuildFile; fileRef = 1F2AEDBD1EFD5863001AEBB7 /* GameViewController.swift */; };
		1F2AEDC11EFD5863001AEBB7 /* Main.storyboard in Resources */ = {isa = PBXBuildFile; fileRef = 1F2AEDBF1EFD5863001AEBB7 /* Main.storyboard */; };
		1F2AEDC61EFD5863001AEBB7 /* LaunchScreen.storyboard in Resources */ = {isa = PBXBuildFile; fileRef = 1F2AEDC41EFD5863001AEBB7 /* LaunchScreen.storyboard */; };
		1F2AEDD11EFD5863001AEBB7 /* match3Tests.swift in Sources */ = {isa = PBXBuildFile; fileRef = 1F2AEDD01EFD5863001AEBB7 /* match3Tests.swift */; };
		1F2AEDDC1EFD5863001AEBB7 /* match3UITests.swift in Sources */ = {isa = PBXBuildFile; fileRef = 1F2AEDDB1EFD5863001AEBB7 /* match3UITests.swift */; };
		1F2D82111F7E385D00710D50 /* Assets.xcassets in Resources */ = {isa = PBXBuildFile; fileRef = 1F2D82101F7E385C00710D50 /* Assets.xcassets */; };
		1F2D82131F80CB7D00710D50 /* Player_LabelOverHead.swift in Sources */ = {isa = PBXBuildFile; fileRef = 1F2D82121F80CB7D00710D50 /* Player_LabelOverHead.swift */; };
		1F2D82151F80D09300710D50 /* Enemy_LabelOverHead.swift in Sources */ = {isa = PBXBuildFile; fileRef = 1F2D82141F80D09300710D50 /* Enemy_LabelOverHead.swift */; };
		1F2D82231F83376700710D50 /* Stony-Stand.atlas in Resources */ = {isa = PBXBuildFile; fileRef = 1F2D82221F83376700710D50 /* Stony-Stand.atlas */; };
		1F2D82251F83376F00710D50 /* Stony-Attack.atlas in Resources */ = {isa = PBXBuildFile; fileRef = 1F2D82241F83376F00710D50 /* Stony-Attack.atlas */; };
		1F2D822E1F88EA6500710D50 /* Enemy_AttackMod.swift in Sources */ = {isa = PBXBuildFile; fileRef = 1F2D822D1F88EA6500710D50 /* Enemy_AttackMod.swift */; };
		1F38FFE9201F64370005FB35 /* Shit.xcassets in Resources */ = {isa = PBXBuildFile; fileRef = 1F38FFE8201F64370005FB35 /* Shit.xcassets */; };
		1F3E25EF1F582C3E004C48D7 /* Player.swift in Sources */ = {isa = PBXBuildFile; fileRef = 1F3E25EE1F582C3E004C48D7 /* Player.swift */; };
		1F443DB61F55998200D5CBD5 /* Enemy.swift in Sources */ = {isa = PBXBuildFile; fileRef = 1F443DB51F55998200D5CBD5 /* Enemy.swift */; };
		1F455F2A202B014100B43E1C /* PlayerStat.swift in Sources */ = {isa = PBXBuildFile; fileRef = 1F455F29202B014100B43E1C /* PlayerStat.swift */; };
		1F455F2E202B1ED200B43E1C /* TownHallViewController.swift in Sources */ = {isa = PBXBuildFile; fileRef = 1F455F2D202B1ED200B43E1C /* TownHallViewController.swift */; };
		1F455F30202B204800B43E1C /* MainMenuViewController.swift in Sources */ = {isa = PBXBuildFile; fileRef = 1F455F2F202B204800B43E1C /* MainMenuViewController.swift */; };
		1F5EE8861F70ECDB0099F969 /* GS_EnemyControll.swift in Sources */ = {isa = PBXBuildFile; fileRef = 1F5EE8851F70ECDB0099F969 /* GS_EnemyControll.swift */; };
		1F6A49311FBB45DE0088AE44 /* GS_SpellBook.swift in Sources */ = {isa = PBXBuildFile; fileRef = 1F6A49301FBB45DE0088AE44 /* GS_SpellBook.swift */; };
		1F6A49331FBC08F80088AE44 /* Enemy_DeathMod.swift in Sources */ = {isa = PBXBuildFile; fileRef = 1F6A49321FBC08F80088AE44 /* Enemy_DeathMod.swift */; };
		1F6AA25A1F35944B002586DD /* GS_CheckArr.swift in Sources */ = {isa = PBXBuildFile; fileRef = 1F6AA2591F35944B002586DD /* GS_CheckArr.swift */; };
		1F6AA25B1F361642002586DD /* GameScene.sks in Resources */ = {isa = PBXBuildFile; fileRef = 1F2AEDB71EFD5863001AEBB7 /* GameScene.sks */; };
		1F70F9E51FC6951800A0BAFD /* Armor.sks in Resources */ = {isa = PBXBuildFile; fileRef = 1F70F9E41FC6951800A0BAFD /* Armor.sks */; };
		1F70F9EA1FC6AB2000A0BAFD /* RandomTestUnit-Attack.atlas in Resources */ = {isa = PBXBuildFile; fileRef = 1F70F9E91FC6AB2000A0BAFD /* RandomTestUnit-Attack.atlas */; };
		1F70F9EC1FC6AB2500A0BAFD /* RandomTestUnit-Stand.atlas in Resources */ = {isa = PBXBuildFile; fileRef = 1F70F9EB1FC6AB2500A0BAFD /* RandomTestUnit-Stand.atlas */; };
		1F70F9EE1FC6D1BB00A0BAFD /* Enemy_BreakArmorMod.swift in Sources */ = {isa = PBXBuildFile; fileRef = 1F70F9ED1FC6D1BB00A0BAFD /* Enemy_BreakArmorMod.swift */; };
		1F815F0B1FD3059C00133AC1 /* SteamPunkBackground.atlas in Resources */ = {isa = PBXBuildFile; fileRef = 1F815F0A1FD3059C00133AC1 /* SteamPunkBackground.atlas */; };
		1F86A34D1FC7026F00DBDBB5 /* Enemy_Defense.swift in Sources */ = {isa = PBXBuildFile; fileRef = 1F86A34C1FC7026F00DBDBB5 /* Enemy_Defense.swift */; };
		1F88DE0320307E8C005257A5 /* 0-2.json in Resources */ = {isa = PBXBuildFile; fileRef = 1F88DE0220307E8B005257A5 /* 0-2.json */; };
		1F88DE06203083FF005257A5 /* Dummy-Attack.atlas in Resources */ = {isa = PBXBuildFile; fileRef = 1F88DE05203083FF005257A5 /* Dummy-Attack.atlas */; };
		1F88DE082030840B005257A5 /* Dummy-Stand.atlas in Resources */ = {isa = PBXBuildFile; fileRef = 1F88DE072030840B005257A5 /* Dummy-Stand.atlas */; };
		1F88DE0B20317B7E005257A5 /* 0-3.json in Resources */ = {isa = PBXBuildFile; fileRef = 1F88DE0A20317B7E005257A5 /* 0-3.json */; };
		1F88DE0D2031AFC4005257A5 /* Extension.swift in Sources */ = {isa = PBXBuildFile; fileRef = 1F88DE0C2031AFC4005257A5 /* Extension.swift */; };
		1F937CD52032CB5E003F0C91 /* NeutralTurtle-Stand.atlas in Resources */ = {isa = PBXBuildFile; fileRef = 1F937CD32032CB5D003F0C91 /* NeutralTurtle-Stand.atlas */; };
		1F937CD62032CB5E003F0C91 /* NeutralTurtle-Attack.atlas in Resources */ = {isa = PBXBuildFile; fileRef = 1F937CD42032CB5E003F0C91 /* NeutralTurtle-Attack.atlas */; };
		1F937CDE2032CF10003F0C91 /* CultistsProphet-Attack.atlas in Resources */ = {isa = PBXBuildFile; fileRef = 1F937CDC2032CF0F003F0C91 /* CultistsProphet-Attack.atlas */; };
		1F937CDF2032CF10003F0C91 /* CultistsProphet-Stand.atlas in Resources */ = {isa = PBXBuildFile; fileRef = 1F937CDD2032CF10003F0C91 /* CultistsProphet-Stand.atlas */; };
		1F937CE3203438DE003F0C91 /* StoneScale-Stand.atlas in Resources */ = {isa = PBXBuildFile; fileRef = 1F937CE1203438DE003F0C91 /* StoneScale-Stand.atlas */; };
		1F937CE4203438DE003F0C91 /* StoneScale-Attack.atlas in Resources */ = {isa = PBXBuildFile; fileRef = 1F937CE2203438DE003F0C91 /* StoneScale-Attack.atlas */; };
		1F937CE620359A67003F0C91 /* 2-1.json in Resources */ = {isa = PBXBuildFile; fileRef = 1F937CE520359A67003F0C91 /* 2-1.json */; };
		1F937CE8203730DA003F0C91 /* LevelIcon.xcassets in Resources */ = {isa = PBXBuildFile; fileRef = 1F937CE7203730DA003F0C91 /* LevelIcon.xcassets */; };
		1F937CEC20384BC7003F0C91 /* SteamPunkGuard-Attack.atlas in Resources */ = {isa = PBXBuildFile; fileRef = 1F937CEA20384BC7003F0C91 /* SteamPunkGuard-Attack.atlas */; };
		1F937CED20384BC7003F0C91 /* SteamPunkGuard-Stand.atlas in Resources */ = {isa = PBXBuildFile; fileRef = 1F937CEB20384BC7003F0C91 /* SteamPunkGuard-Stand.atlas */; };
		1F937CEF2039EFCC003F0C91 /* ToolTip.xcassets in Resources */ = {isa = PBXBuildFile; fileRef = 1F937CEE2039EFCC003F0C91 /* ToolTip.xcassets */; };
		1F937CF3203AB587003F0C91 /* 0-4.json in Resources */ = {isa = PBXBuildFile; fileRef = 1F937CF0203AB586003F0C91 /* 0-4.json */; };
		1F937CF4203AB587003F0C91 /* 0-5.json in Resources */ = {isa = PBXBuildFile; fileRef = 1F937CF1203AB587003F0C91 /* 0-5.json */; };
		1F937CF5203AB587003F0C91 /* 0-1.json in Resources */ = {isa = PBXBuildFile; fileRef = 1F937CF2203AB587003F0C91 /* 0-1.json */; };
		1F937CF7203C65D8003F0C91 /* 0-6.json in Resources */ = {isa = PBXBuildFile; fileRef = 1F937CF6203C65D8003F0C91 /* 0-6.json */; };
		1F937D0B203EA58C003F0C91 /* 1-16.json in Resources */ = {isa = PBXBuildFile; fileRef = 1F937CF8203EA587003F0C91 /* 1-16.json */; };
		1F937D0C203EA58C003F0C91 /* 1-5.json in Resources */ = {isa = PBXBuildFile; fileRef = 1F937CF9203EA587003F0C91 /* 1-5.json */; };
		1F937D0D203EA58C003F0C91 /* 1-18.json in Resources */ = {isa = PBXBuildFile; fileRef = 1F937CFA203EA588003F0C91 /* 1-18.json */; };
		1F937D0E203EA58C003F0C91 /* 1-12.json in Resources */ = {isa = PBXBuildFile; fileRef = 1F937CFB203EA588003F0C91 /* 1-12.json */; };
		1F937D0F203EA58C003F0C91 /* 1-13.json in Resources */ = {isa = PBXBuildFile; fileRef = 1F937CFC203EA588003F0C91 /* 1-13.json */; };
		1F937D10203EA58C003F0C91 /* 1-14.json in Resources */ = {isa = PBXBuildFile; fileRef = 1F937CFD203EA589003F0C91 /* 1-14.json */; };
		1F937D11203EA58C003F0C91 /* 1-19.json in Resources */ = {isa = PBXBuildFile; fileRef = 1F937CFE203EA589003F0C91 /* 1-19.json */; };
		1F937D12203EA58C003F0C91 /* 1-20.json in Resources */ = {isa = PBXBuildFile; fileRef = 1F937CFF203EA589003F0C91 /* 1-20.json */; };
		1F937D13203EA58C003F0C91 /* 1-8.json in Resources */ = {isa = PBXBuildFile; fileRef = 1F937D00203EA589003F0C91 /* 1-8.json */; };
		1F937D14203EA58C003F0C91 /* 1-10.json in Resources */ = {isa = PBXBuildFile; fileRef = 1F937D01203EA58A003F0C91 /* 1-10.json */; };
		1F937D15203EA58C003F0C91 /* 1-3.json in Resources */ = {isa = PBXBuildFile; fileRef = 1F937D02203EA58A003F0C91 /* 1-3.json */; };
		1F937D16203EA58C003F0C91 /* 1-17.json in Resources */ = {isa = PBXBuildFile; fileRef = 1F937D03203EA58A003F0C91 /* 1-17.json */; };
		1F937D17203EA58C003F0C91 /* 1-2.json in Resources */ = {isa = PBXBuildFile; fileRef = 1F937D04203EA58A003F0C91 /* 1-2.json */; };
		1F937D18203EA58C003F0C91 /* 1-4.json in Resources */ = {isa = PBXBuildFile; fileRef = 1F937D05203EA58A003F0C91 /* 1-4.json */; };
		1F937D19203EA58C003F0C91 /* 1-7.json in Resources */ = {isa = PBXBuildFile; fileRef = 1F937D06203EA58B003F0C91 /* 1-7.json */; };
		1F937D1A203EA58C003F0C91 /* 1-6.json in Resources */ = {isa = PBXBuildFile; fileRef = 1F937D07203EA58B003F0C91 /* 1-6.json */; };
		1F937D1B203EA58C003F0C91 /* 1-15.json in Resources */ = {isa = PBXBuildFile; fileRef = 1F937D08203EA58B003F0C91 /* 1-15.json */; };
		1F937D1C203EA58C003F0C91 /* 1-11.json in Resources */ = {isa = PBXBuildFile; fileRef = 1F937D09203EA58B003F0C91 /* 1-11.json */; };
		1F937D1D203EA58C003F0C91 /* 1-9.json in Resources */ = {isa = PBXBuildFile; fileRef = 1F937D0A203EA58C003F0C91 /* 1-9.json */; };
		1F983A611FED403100CE4FBC /* Dungeon.atlas in Resources */ = {isa = PBXBuildFile; fileRef = 1F983A601FED403100CE4FBC /* Dungeon.atlas */; };
		1F983A641FED460E00CE4FBC /* Bee-Attack.atlas in Resources */ = {isa = PBXBuildFile; fileRef = 1F983A621FED460E00CE4FBC /* Bee-Attack.atlas */; };
		1F983A651FED460E00CE4FBC /* Bee-Stand.atlas in Resources */ = {isa = PBXBuildFile; fileRef = 1F983A631FED460E00CE4FBC /* Bee-Stand.atlas */; };
		1F9C4B981FCEB1EF0090714E /* MovingScreen.swift in Sources */ = {isa = PBXBuildFile; fileRef = 1F9C4B971FCEB1EF0090714E /* MovingScreen.swift */; };
		1FB1A15A1F009BF0004EEA96 /* GS_Match.swift in Sources */ = {isa = PBXBuildFile; fileRef = 1FB1A1591F009BF0004EEA96 /* GS_Match.swift */; };
		1FB431451FB4908B00039960 /* MatchParamerts.swift in Sources */ = {isa = PBXBuildFile; fileRef = 1FB431441FB4908B00039960 /* MatchParamerts.swift */; };
		1FB431B31FB5B28000039960 /* MatchTexture.xcassets in Resources */ = {isa = PBXBuildFile; fileRef = 1FB431B21FB5B28000039960 /* MatchTexture.xcassets */; };
		1FB431B91FB7384C00039960 /* BuffArmor.atlas in Resources */ = {isa = PBXBuildFile; fileRef = 1FB431B81FB7384C00039960 /* BuffArmor.atlas */; };
		1FB431BD1FB753E000039960 /* ShadowRin-Attack.atlas in Resources */ = {isa = PBXBuildFile; fileRef = 1FB431BB1FB753E000039960 /* ShadowRin-Attack.atlas */; };
		1FB431BE1FB753E000039960 /* ShadowRin-Stand.atlas in Resources */ = {isa = PBXBuildFile; fileRef = 1FB431BC1FB753E000039960 /* ShadowRin-Stand.atlas */; };
		1FB431C01FB835F900039960 /* SpellTexture.xcassets in Resources */ = {isa = PBXBuildFile; fileRef = 1FB431BF1FB835F900039960 /* SpellTexture.xcassets */; };
		1FCCDFB51FD182E100952DEA /* Player-Walking.atlas in Resources */ = {isa = PBXBuildFile; fileRef = 1FCCDFB41FD182E100952DEA /* Player-Walking.atlas */; };
		1FD49874201F6A5E0057ED2A /* EnemyIcon.xcassets in Resources */ = {isa = PBXBuildFile; fileRef = 1FD49873201F6A5E0057ED2A /* EnemyIcon.xcassets */; };
		1FD69C161FAA0A760003CA7E /* Player-Stand.atlas in Resources */ = {isa = PBXBuildFile; fileRef = 1FD69C151FAA0A760003CA7E /* Player-Stand.atlas */; };
		1FD69C1A1FAAE1440003CA7E /* RoyalMage-Attack.atlas in Resources */ = {isa = PBXBuildFile; fileRef = 1FD69C181FAAE1440003CA7E /* RoyalMage-Attack.atlas */; };
		1FD69C1B1FAAE1440003CA7E /* RoyalMage-Stand.atlas in Resources */ = {isa = PBXBuildFile; fileRef = 1FD69C191FAAE1440003CA7E /* RoyalMage-Stand.atlas */; };
		1FE14C1D1F00D30500B7138A /* GS_ActionGesture.swift in Sources */ = {isa = PBXBuildFile; fileRef = 1FE14C1C1F00D30500B7138A /* GS_ActionGesture.swift */; };
		1FED406E1FD5AB96008CD005 /* GrassLand.atlas in Resources */ = {isa = PBXBuildFile; fileRef = 1FED406D1FD5AB95008CD005 /* GrassLand.atlas */; };
		1FF8179E1FC1755600F07292 /* SpellClass.swift in Sources */ = {isa = PBXBuildFile; fileRef = 1FF8179D1FC1755600F07292 /* SpellClass.swift */; };
		1FF817A21FC2A1B900F07292 /* GenerationRandomUnit.swift in Sources */ = {isa = PBXBuildFile; fileRef = 1FF817A11FC2A1B900F07292 /* GenerationRandomUnit.swift */; };
		1FFD4F6E1F76403600952F94 /* testAttack.atlas in Resources */ = {isa = PBXBuildFile; fileRef = 1FFD4F6D1F76403500952F94 /* testAttack.atlas */; };
		1FFD4F701F76406100952F94 /* testStand.atlas in Resources */ = {isa = PBXBuildFile; fileRef = 1FFD4F6F1F76406100952F94 /* testStand.atlas */; };
		32280FAA1FB9570600F954B1 /* PageViewController.swift in Sources */ = {isa = PBXBuildFile; fileRef = 32280FA91FB9570600F954B1 /* PageViewController.swift */; };
		32280FAC1FB9577900F954B1 /* ChoiceLevelViewController.swift in Sources */ = {isa = PBXBuildFile; fileRef = 32280FAB1FB9577900F954B1 /* ChoiceLevelViewController.swift */; };
/* End PBXBuildFile section */

/* Begin PBXContainerItemProxy section */
		1F2AEDCD1EFD5863001AEBB7 /* PBXContainerItemProxy */ = {
			isa = PBXContainerItemProxy;
			containerPortal = 1F2AEDAA1EFD5862001AEBB7 /* Project object */;
			proxyType = 1;
			remoteGlobalIDString = 1F2AEDB11EFD5862001AEBB7;
			remoteInfo = match3;
		};
		1F2AEDD81EFD5863001AEBB7 /* PBXContainerItemProxy */ = {
			isa = PBXContainerItemProxy;
			containerPortal = 1F2AEDAA1EFD5862001AEBB7 /* Project object */;
			proxyType = 1;
			remoteGlobalIDString = 1F2AEDB11EFD5862001AEBB7;
			remoteInfo = match3;
		};
/* End PBXContainerItemProxy section */

/* Begin PBXFileReference section */
		1F00B6ED1FAD9E2000C002B3 /* GS_EnemyCollection.swift */ = {isa = PBXFileReference; lastKnownFileType = sourcecode.swift; path = GS_EnemyCollection.swift; sourceTree = "<group>"; };
		1F00B6F01FAD9EF400C002B3 /* SteamPunkFlameThrower-Attack.atlas */ = {isa = PBXFileReference; lastKnownFileType = folder.skatlas; path = "SteamPunkFlameThrower-Attack.atlas"; sourceTree = "<group>"; };
		1F00B6F11FAD9EF400C002B3 /* SteamPunkFlameThrower-Stand.atlas */ = {isa = PBXFileReference; lastKnownFileType = folder.skatlas; path = "SteamPunkFlameThrower-Stand.atlas"; sourceTree = "<group>"; };
		1F00B6F51FAD9F0F00C002B3 /* SteamPunkPunch-Attack.atlas */ = {isa = PBXFileReference; lastKnownFileType = folder.skatlas; path = "SteamPunkPunch-Attack.atlas"; sourceTree = "<group>"; };
		1F00B6F61FAD9F0F00C002B3 /* SteamPunkPunch-Stand.atlas */ = {isa = PBXFileReference; lastKnownFileType = folder.skatlas; path = "SteamPunkPunch-Stand.atlas"; sourceTree = "<group>"; };
		1F00B6FA1FADB4AE00C002B3 /* munro.ttf */ = {isa = PBXFileReference; lastKnownFileType = file; path = munro.ttf; sourceTree = "<group>"; };
		1F00B6FB1FADB4AE00C002B3 /* munro_narrow.ttf */ = {isa = PBXFileReference; lastKnownFileType = file; path = munro_narrow.ttf; sourceTree = "<group>"; };
		1F00B6FC1FADB4AE00C002B3 /* munro_small.ttf */ = {isa = PBXFileReference; lastKnownFileType = file; path = munro_small.ttf; sourceTree = "<group>"; };
		1F00B7051FADBC8900C002B3 /* Heart.sks */ = {isa = PBXFileReference; lastKnownFileType = file.sks; path = Heart.sks; sourceTree = "<group>"; };
		1F00B7081FAF588300C002B3 /* SteamPunkWalker-Attack.atlas */ = {isa = PBXFileReference; lastKnownFileType = folder.skatlas; path = "SteamPunkWalker-Attack.atlas"; sourceTree = "<group>"; };
		1F00B7091FAF588300C002B3 /* SteamPunkWalker-Stand.atlas */ = {isa = PBXFileReference; lastKnownFileType = folder.skatlas; path = "SteamPunkWalker-Stand.atlas"; sourceTree = "<group>"; };
		1F00B70C1FB345E200C002B3 /* GS_BuildLevel.swift */ = {isa = PBXFileReference; lastKnownFileType = sourcecode.swift; path = GS_BuildLevel.swift; sourceTree = "<group>"; };
		1F0E08DD2040498F00C8F348 /* Player-StrongAttack.atlas */ = {isa = PBXFileReference; lastKnownFileType = folder.skatlas; path = "Player-StrongAttack.atlas"; sourceTree = "<group>"; };
		1F11EF701FA5F20D00FD51B7 /* GameUI.xcassets */ = {isa = PBXFileReference; lastKnownFileType = folder.assetcatalog; path = GameUI.xcassets; sourceTree = "<group>"; };
		1F11EF751FA9A4C900FD51B7 /* Player-Attack.atlas */ = {isa = PBXFileReference; lastKnownFileType = folder.skatlas; path = "Player-Attack.atlas"; sourceTree = "<group>"; };
		1F13F94F1FBD7104008DA2C9 /* CountClass.swift */ = {isa = PBXFileReference; lastKnownFileType = sourcecode.swift; path = CountClass.swift; sourceTree = "<group>"; };
		1F13F9511FBDCA49008DA2C9 /* GS_HelpFunction.swift */ = {isa = PBXFileReference; lastKnownFileType = sourcecode.swift; path = GS_HelpFunction.swift; sourceTree = "<group>"; };
		1F16AD6B1F3F45E100AAEA51 /* GS_Animation.swift */ = {isa = PBXFileReference; fileEncoding = 4; lastKnownFileType = sourcecode.swift; path = GS_Animation.swift; sourceTree = "<group>"; };
		1F1D5993203052A70024EB0A /* 1-1.json */ = {isa = PBXFileReference; fileEncoding = 4; lastKnownFileType = text.json; name = "1-1.json"; path = "match3/Levels/1-1.json"; sourceTree = SOURCE_ROOT; };
		1F26CA261F41B93500691519 /* GS_ActionOnScene.swift */ = {isa = PBXFileReference; fileEncoding = 4; lastKnownFileType = sourcecode.swift; path = GS_ActionOnScene.swift; sourceTree = "<group>"; };
		1F2AEDB21EFD5862001AEBB7 /* match3.app */ = {isa = PBXFileReference; explicitFileType = wrapper.application; includeInIndex = 0; path = match3.app; sourceTree = BUILT_PRODUCTS_DIR; };
		1F2AEDB51EFD5862001AEBB7 /* AppDelegate.swift */ = {isa = PBXFileReference; lastKnownFileType = sourcecode.swift; path = AppDelegate.swift; sourceTree = "<group>"; };
		1F2AEDB71EFD5863001AEBB7 /* GameScene.sks */ = {isa = PBXFileReference; lastKnownFileType = file.sks; path = GameScene.sks; sourceTree = "<group>"; };
		1F2AEDB91EFD5863001AEBB7 /* Actions.sks */ = {isa = PBXFileReference; lastKnownFileType = file.sks; path = Actions.sks; sourceTree = "<group>"; };
		1F2AEDBB1EFD5863001AEBB7 /* GameScene.swift */ = {isa = PBXFileReference; lastKnownFileType = sourcecode.swift; path = GameScene.swift; sourceTree = "<group>"; };
		1F2AEDBD1EFD5863001AEBB7 /* GameViewController.swift */ = {isa = PBXFileReference; lastKnownFileType = sourcecode.swift; path = GameViewController.swift; sourceTree = "<group>"; };
		1F2AEDC01EFD5863001AEBB7 /* Base */ = {isa = PBXFileReference; lastKnownFileType = file.storyboard; name = Base; path = Base.lproj/Main.storyboard; sourceTree = "<group>"; };
		1F2AEDC51EFD5863001AEBB7 /* Base */ = {isa = PBXFileReference; lastKnownFileType = file.storyboard; name = Base; path = Base.lproj/LaunchScreen.storyboard; sourceTree = "<group>"; };
		1F2AEDC71EFD5863001AEBB7 /* Info.plist */ = {isa = PBXFileReference; lastKnownFileType = text.plist.xml; path = Info.plist; sourceTree = "<group>"; };
		1F2AEDCC1EFD5863001AEBB7 /* match3Tests.xctest */ = {isa = PBXFileReference; explicitFileType = wrapper.cfbundle; includeInIndex = 0; path = match3Tests.xctest; sourceTree = BUILT_PRODUCTS_DIR; };
		1F2AEDD01EFD5863001AEBB7 /* match3Tests.swift */ = {isa = PBXFileReference; lastKnownFileType = sourcecode.swift; path = match3Tests.swift; sourceTree = "<group>"; };
		1F2AEDD21EFD5863001AEBB7 /* Info.plist */ = {isa = PBXFileReference; lastKnownFileType = text.plist.xml; path = Info.plist; sourceTree = "<group>"; };
		1F2AEDD71EFD5863001AEBB7 /* match3UITests.xctest */ = {isa = PBXFileReference; explicitFileType = wrapper.cfbundle; includeInIndex = 0; path = match3UITests.xctest; sourceTree = BUILT_PRODUCTS_DIR; };
		1F2AEDDB1EFD5863001AEBB7 /* match3UITests.swift */ = {isa = PBXFileReference; lastKnownFileType = sourcecode.swift; path = match3UITests.swift; sourceTree = "<group>"; };
		1F2AEDDD1EFD5863001AEBB7 /* Info.plist */ = {isa = PBXFileReference; lastKnownFileType = text.plist.xml; path = Info.plist; sourceTree = "<group>"; };
		1F2D82101F7E385C00710D50 /* Assets.xcassets */ = {isa = PBXFileReference; lastKnownFileType = folder.assetcatalog; path = Assets.xcassets; sourceTree = "<group>"; };
		1F2D82121F80CB7D00710D50 /* Player_LabelOverHead.swift */ = {isa = PBXFileReference; lastKnownFileType = sourcecode.swift; path = Player_LabelOverHead.swift; sourceTree = "<group>"; };
		1F2D82141F80D09300710D50 /* Enemy_LabelOverHead.swift */ = {isa = PBXFileReference; lastKnownFileType = sourcecode.swift; path = Enemy_LabelOverHead.swift; sourceTree = "<group>"; };
		1F2D82221F83376700710D50 /* Stony-Stand.atlas */ = {isa = PBXFileReference; lastKnownFileType = folder.skatlas; path = "Stony-Stand.atlas"; sourceTree = "<group>"; };
		1F2D82241F83376F00710D50 /* Stony-Attack.atlas */ = {isa = PBXFileReference; lastKnownFileType = folder.skatlas; path = "Stony-Attack.atlas"; sourceTree = "<group>"; };
		1F2D822D1F88EA6500710D50 /* Enemy_AttackMod.swift */ = {isa = PBXFileReference; lastKnownFileType = sourcecode.swift; path = Enemy_AttackMod.swift; sourceTree = "<group>"; };
		1F38FFE8201F64370005FB35 /* Shit.xcassets */ = {isa = PBXFileReference; lastKnownFileType = folder.assetcatalog; path = Shit.xcassets; sourceTree = "<group>"; };
		1F3E25EE1F582C3E004C48D7 /* Player.swift */ = {isa = PBXFileReference; fileEncoding = 4; lastKnownFileType = sourcecode.swift; path = Player.swift; sourceTree = "<group>"; };
		1F443DB51F55998200D5CBD5 /* Enemy.swift */ = {isa = PBXFileReference; fileEncoding = 4; lastKnownFileType = sourcecode.swift; path = Enemy.swift; sourceTree = "<group>"; };
		1F455F29202B014100B43E1C /* PlayerStat.swift */ = {isa = PBXFileReference; lastKnownFileType = sourcecode.swift; path = PlayerStat.swift; sourceTree = "<group>"; };
		1F455F2D202B1ED200B43E1C /* TownHallViewController.swift */ = {isa = PBXFileReference; lastKnownFileType = sourcecode.swift; path = TownHallViewController.swift; sourceTree = "<group>"; };
		1F455F2F202B204800B43E1C /* MainMenuViewController.swift */ = {isa = PBXFileReference; lastKnownFileType = sourcecode.swift; path = MainMenuViewController.swift; sourceTree = "<group>"; };
		1F5EE8851F70ECDB0099F969 /* GS_EnemyControll.swift */ = {isa = PBXFileReference; fileEncoding = 4; lastKnownFileType = sourcecode.swift; path = GS_EnemyControll.swift; sourceTree = "<group>"; };
		1F6A49301FBB45DE0088AE44 /* GS_SpellBook.swift */ = {isa = PBXFileReference; lastKnownFileType = sourcecode.swift; path = GS_SpellBook.swift; sourceTree = "<group>"; };
		1F6A49321FBC08F80088AE44 /* Enemy_DeathMod.swift */ = {isa = PBXFileReference; lastKnownFileType = sourcecode.swift; path = Enemy_DeathMod.swift; sourceTree = "<group>"; };
		1F6AA2591F35944B002586DD /* GS_CheckArr.swift */ = {isa = PBXFileReference; fileEncoding = 4; lastKnownFileType = sourcecode.swift; path = GS_CheckArr.swift; sourceTree = "<group>"; };
		1F70F9E41FC6951800A0BAFD /* Armor.sks */ = {isa = PBXFileReference; lastKnownFileType = file.sks; path = Armor.sks; sourceTree = "<group>"; };
		1F70F9E91FC6AB2000A0BAFD /* RandomTestUnit-Attack.atlas */ = {isa = PBXFileReference; lastKnownFileType = folder.skatlas; path = "RandomTestUnit-Attack.atlas"; sourceTree = "<group>"; };
		1F70F9EB1FC6AB2500A0BAFD /* RandomTestUnit-Stand.atlas */ = {isa = PBXFileReference; lastKnownFileType = folder.skatlas; path = "RandomTestUnit-Stand.atlas"; sourceTree = "<group>"; };
		1F70F9ED1FC6D1BB00A0BAFD /* Enemy_BreakArmorMod.swift */ = {isa = PBXFileReference; lastKnownFileType = sourcecode.swift; path = Enemy_BreakArmorMod.swift; sourceTree = "<group>"; };
		1F815F0A1FD3059C00133AC1 /* SteamPunkBackground.atlas */ = {isa = PBXFileReference; lastKnownFileType = folder.skatlas; path = SteamPunkBackground.atlas; sourceTree = "<group>"; };
		1F86A34C1FC7026F00DBDBB5 /* Enemy_Defense.swift */ = {isa = PBXFileReference; lastKnownFileType = sourcecode.swift; path = Enemy_Defense.swift; sourceTree = "<group>"; };
		1F88DE0220307E8B005257A5 /* 0-2.json */ = {isa = PBXFileReference; fileEncoding = 4; lastKnownFileType = text.json; path = "0-2.json"; sourceTree = "<group>"; };
		1F88DE05203083FF005257A5 /* Dummy-Attack.atlas */ = {isa = PBXFileReference; lastKnownFileType = folder.skatlas; path = "Dummy-Attack.atlas"; sourceTree = "<group>"; };
		1F88DE072030840B005257A5 /* Dummy-Stand.atlas */ = {isa = PBXFileReference; lastKnownFileType = folder.skatlas; path = "Dummy-Stand.atlas"; sourceTree = "<group>"; };
		1F88DE0A20317B7E005257A5 /* 0-3.json */ = {isa = PBXFileReference; fileEncoding = 4; lastKnownFileType = text.json; path = "0-3.json"; sourceTree = "<group>"; };
		1F88DE0C2031AFC4005257A5 /* Extension.swift */ = {isa = PBXFileReference; lastKnownFileType = sourcecode.swift; path = Extension.swift; sourceTree = "<group>"; };
		1F937CD32032CB5D003F0C91 /* NeutralTurtle-Stand.atlas */ = {isa = PBXFileReference; lastKnownFileType = folder.skatlas; path = "NeutralTurtle-Stand.atlas"; sourceTree = "<group>"; };
		1F937CD42032CB5E003F0C91 /* NeutralTurtle-Attack.atlas */ = {isa = PBXFileReference; lastKnownFileType = folder.skatlas; path = "NeutralTurtle-Attack.atlas"; sourceTree = "<group>"; };
		1F937CDC2032CF0F003F0C91 /* CultistsProphet-Attack.atlas */ = {isa = PBXFileReference; lastKnownFileType = folder.skatlas; path = "CultistsProphet-Attack.atlas"; sourceTree = "<group>"; };
		1F937CDD2032CF10003F0C91 /* CultistsProphet-Stand.atlas */ = {isa = PBXFileReference; lastKnownFileType = folder.skatlas; path = "CultistsProphet-Stand.atlas"; sourceTree = "<group>"; };
		1F937CE1203438DE003F0C91 /* StoneScale-Stand.atlas */ = {isa = PBXFileReference; lastKnownFileType = folder.skatlas; path = "StoneScale-Stand.atlas"; sourceTree = "<group>"; };
		1F937CE2203438DE003F0C91 /* StoneScale-Attack.atlas */ = {isa = PBXFileReference; lastKnownFileType = folder.skatlas; path = "StoneScale-Attack.atlas"; sourceTree = "<group>"; };
		1F937CE520359A67003F0C91 /* 2-1.json */ = {isa = PBXFileReference; fileEncoding = 4; lastKnownFileType = text.json; path = "2-1.json"; sourceTree = "<group>"; };
		1F937CE7203730DA003F0C91 /* LevelIcon.xcassets */ = {isa = PBXFileReference; lastKnownFileType = folder.assetcatalog; path = LevelIcon.xcassets; sourceTree = "<group>"; };
		1F937CEA20384BC7003F0C91 /* SteamPunkGuard-Attack.atlas */ = {isa = PBXFileReference; lastKnownFileType = folder.skatlas; path = "SteamPunkGuard-Attack.atlas"; sourceTree = "<group>"; };
		1F937CEB20384BC7003F0C91 /* SteamPunkGuard-Stand.atlas */ = {isa = PBXFileReference; lastKnownFileType = folder.skatlas; path = "SteamPunkGuard-Stand.atlas"; sourceTree = "<group>"; };
		1F937CEE2039EFCC003F0C91 /* ToolTip.xcassets */ = {isa = PBXFileReference; lastKnownFileType = folder.assetcatalog; path = ToolTip.xcassets; sourceTree = "<group>"; };
		1F937CF0203AB586003F0C91 /* 0-4.json */ = {isa = PBXFileReference; fileEncoding = 4; lastKnownFileType = text.json; path = "0-4.json"; sourceTree = "<group>"; };
		1F937CF1203AB587003F0C91 /* 0-5.json */ = {isa = PBXFileReference; fileEncoding = 4; lastKnownFileType = text.json; path = "0-5.json"; sourceTree = "<group>"; };
		1F937CF2203AB587003F0C91 /* 0-1.json */ = {isa = PBXFileReference; fileEncoding = 4; lastKnownFileType = text.json; path = "0-1.json"; sourceTree = "<group>"; };
		1F937CF6203C65D8003F0C91 /* 0-6.json */ = {isa = PBXFileReference; fileEncoding = 4; lastKnownFileType = text.json; path = "0-6.json"; sourceTree = "<group>"; };
		1F937CF8203EA587003F0C91 /* 1-16.json */ = {isa = PBXFileReference; fileEncoding = 4; lastKnownFileType = text.json; path = "1-16.json"; sourceTree = "<group>"; };
		1F937CF9203EA587003F0C91 /* 1-5.json */ = {isa = PBXFileReference; fileEncoding = 4; lastKnownFileType = text.json; path = "1-5.json"; sourceTree = "<group>"; };
		1F937CFA203EA588003F0C91 /* 1-18.json */ = {isa = PBXFileReference; fileEncoding = 4; lastKnownFileType = text.json; path = "1-18.json"; sourceTree = "<group>"; };
		1F937CFB203EA588003F0C91 /* 1-12.json */ = {isa = PBXFileReference; fileEncoding = 4; lastKnownFileType = text.json; path = "1-12.json"; sourceTree = "<group>"; };
		1F937CFC203EA588003F0C91 /* 1-13.json */ = {isa = PBXFileReference; fileEncoding = 4; lastKnownFileType = text.json; path = "1-13.json"; sourceTree = "<group>"; };
		1F937CFD203EA589003F0C91 /* 1-14.json */ = {isa = PBXFileReference; fileEncoding = 4; lastKnownFileType = text.json; path = "1-14.json"; sourceTree = "<group>"; };
		1F937CFE203EA589003F0C91 /* 1-19.json */ = {isa = PBXFileReference; fileEncoding = 4; lastKnownFileType = text.json; path = "1-19.json"; sourceTree = "<group>"; };
		1F937CFF203EA589003F0C91 /* 1-20.json */ = {isa = PBXFileReference; fileEncoding = 4; lastKnownFileType = text.json; path = "1-20.json"; sourceTree = "<group>"; };
		1F937D00203EA589003F0C91 /* 1-8.json */ = {isa = PBXFileReference; fileEncoding = 4; lastKnownFileType = text.json; path = "1-8.json"; sourceTree = "<group>"; };
		1F937D01203EA58A003F0C91 /* 1-10.json */ = {isa = PBXFileReference; fileEncoding = 4; lastKnownFileType = text.json; path = "1-10.json"; sourceTree = "<group>"; };
		1F937D02203EA58A003F0C91 /* 1-3.json */ = {isa = PBXFileReference; fileEncoding = 4; lastKnownFileType = text.json; path = "1-3.json"; sourceTree = "<group>"; };
		1F937D03203EA58A003F0C91 /* 1-17.json */ = {isa = PBXFileReference; fileEncoding = 4; lastKnownFileType = text.json; path = "1-17.json"; sourceTree = "<group>"; };
		1F937D04203EA58A003F0C91 /* 1-2.json */ = {isa = PBXFileReference; fileEncoding = 4; lastKnownFileType = text.json; path = "1-2.json"; sourceTree = "<group>"; };
		1F937D05203EA58A003F0C91 /* 1-4.json */ = {isa = PBXFileReference; fileEncoding = 4; lastKnownFileType = text.json; path = "1-4.json"; sourceTree = "<group>"; };
		1F937D06203EA58B003F0C91 /* 1-7.json */ = {isa = PBXFileReference; fileEncoding = 4; lastKnownFileType = text.json; path = "1-7.json"; sourceTree = "<group>"; };
		1F937D07203EA58B003F0C91 /* 1-6.json */ = {isa = PBXFileReference; fileEncoding = 4; lastKnownFileType = text.json; path = "1-6.json"; sourceTree = "<group>"; };
		1F937D08203EA58B003F0C91 /* 1-15.json */ = {isa = PBXFileReference; fileEncoding = 4; lastKnownFileType = text.json; path = "1-15.json"; sourceTree = "<group>"; };
		1F937D09203EA58B003F0C91 /* 1-11.json */ = {isa = PBXFileReference; fileEncoding = 4; lastKnownFileType = text.json; path = "1-11.json"; sourceTree = "<group>"; };
		1F937D0A203EA58C003F0C91 /* 1-9.json */ = {isa = PBXFileReference; fileEncoding = 4; lastKnownFileType = text.json; path = "1-9.json"; sourceTree = "<group>"; };
		1F983A601FED403100CE4FBC /* Dungeon.atlas */ = {isa = PBXFileReference; lastKnownFileType = folder.skatlas; path = Dungeon.atlas; sourceTree = "<group>"; };
		1F983A621FED460E00CE4FBC /* Bee-Attack.atlas */ = {isa = PBXFileReference; lastKnownFileType = folder.skatlas; path = "Bee-Attack.atlas"; sourceTree = "<group>"; };
		1F983A631FED460E00CE4FBC /* Bee-Stand.atlas */ = {isa = PBXFileReference; lastKnownFileType = folder.skatlas; path = "Bee-Stand.atlas"; sourceTree = "<group>"; };
		1F9C4B971FCEB1EF0090714E /* MovingScreen.swift */ = {isa = PBXFileReference; lastKnownFileType = sourcecode.swift; path = MovingScreen.swift; sourceTree = "<group>"; };
		1FB1A1591F009BF0004EEA96 /* GS_Match.swift */ = {isa = PBXFileReference; fileEncoding = 4; lastKnownFileType = sourcecode.swift; path = GS_Match.swift; sourceTree = "<group>"; };
		1FB431441FB4908B00039960 /* MatchParamerts.swift */ = {isa = PBXFileReference; lastKnownFileType = sourcecode.swift; path = MatchParamerts.swift; sourceTree = "<group>"; };
		1FB431B21FB5B28000039960 /* MatchTexture.xcassets */ = {isa = PBXFileReference; lastKnownFileType = folder.assetcatalog; path = MatchTexture.xcassets; sourceTree = "<group>"; };
		1FB431B81FB7384C00039960 /* BuffArmor.atlas */ = {isa = PBXFileReference; lastKnownFileType = folder.skatlas; path = BuffArmor.atlas; sourceTree = "<group>"; };
		1FB431BB1FB753E000039960 /* ShadowRin-Attack.atlas */ = {isa = PBXFileReference; lastKnownFileType = folder.skatlas; path = "ShadowRin-Attack.atlas"; sourceTree = "<group>"; };
		1FB431BC1FB753E000039960 /* ShadowRin-Stand.atlas */ = {isa = PBXFileReference; lastKnownFileType = folder.skatlas; path = "ShadowRin-Stand.atlas"; sourceTree = "<group>"; };
		1FB431BF1FB835F900039960 /* SpellTexture.xcassets */ = {isa = PBXFileReference; lastKnownFileType = folder.assetcatalog; path = SpellTexture.xcassets; sourceTree = "<group>"; };
		1FCCDFB41FD182E100952DEA /* Player-Walking.atlas */ = {isa = PBXFileReference; lastKnownFileType = folder.skatlas; path = "Player-Walking.atlas"; sourceTree = "<group>"; };
		1FD49873201F6A5E0057ED2A /* EnemyIcon.xcassets */ = {isa = PBXFileReference; lastKnownFileType = folder.assetcatalog; path = EnemyIcon.xcassets; sourceTree = "<group>"; };
		1FD69C151FAA0A760003CA7E /* Player-Stand.atlas */ = {isa = PBXFileReference; lastKnownFileType = folder.skatlas; path = "Player-Stand.atlas"; sourceTree = "<group>"; };
		1FD69C181FAAE1440003CA7E /* RoyalMage-Attack.atlas */ = {isa = PBXFileReference; lastKnownFileType = folder.skatlas; path = "RoyalMage-Attack.atlas"; sourceTree = "<group>"; };
		1FD69C191FAAE1440003CA7E /* RoyalMage-Stand.atlas */ = {isa = PBXFileReference; lastKnownFileType = folder.skatlas; path = "RoyalMage-Stand.atlas"; sourceTree = "<group>"; };
		1FE14C1C1F00D30500B7138A /* GS_ActionGesture.swift */ = {isa = PBXFileReference; fileEncoding = 4; lastKnownFileType = sourcecode.swift; path = GS_ActionGesture.swift; sourceTree = "<group>"; };
		1FED406D1FD5AB95008CD005 /* GrassLand.atlas */ = {isa = PBXFileReference; lastKnownFileType = folder.skatlas; path = GrassLand.atlas; sourceTree = "<group>"; };
		1FF8179D1FC1755600F07292 /* SpellClass.swift */ = {isa = PBXFileReference; lastKnownFileType = sourcecode.swift; path = SpellClass.swift; sourceTree = "<group>"; };
		1FF817A11FC2A1B900F07292 /* GenerationRandomUnit.swift */ = {isa = PBXFileReference; lastKnownFileType = sourcecode.swift; path = GenerationRandomUnit.swift; sourceTree = "<group>"; };
		1FFD4F6D1F76403500952F94 /* testAttack.atlas */ = {isa = PBXFileReference; lastKnownFileType = folder.skatlas; path = testAttack.atlas; sourceTree = "<group>"; };
		1FFD4F6F1F76406100952F94 /* testStand.atlas */ = {isa = PBXFileReference; lastKnownFileType = folder.skatlas; path = testStand.atlas; sourceTree = "<group>"; };
		32280FA91FB9570600F954B1 /* PageViewController.swift */ = {isa = PBXFileReference; lastKnownFileType = sourcecode.swift; path = PageViewController.swift; sourceTree = "<group>"; };
		32280FAB1FB9577900F954B1 /* ChoiceLevelViewController.swift */ = {isa = PBXFileReference; lastKnownFileType = sourcecode.swift; path = ChoiceLevelViewController.swift; sourceTree = "<group>"; };
/* End PBXFileReference section */

/* Begin PBXFrameworksBuildPhase section */
		1F2AEDAF1EFD5862001AEBB7 /* Frameworks */ = {
			isa = PBXFrameworksBuildPhase;
			buildActionMask = 2147483647;
			files = (
			);
			runOnlyForDeploymentPostprocessing = 0;
		};
		1F2AEDC91EFD5863001AEBB7 /* Frameworks */ = {
			isa = PBXFrameworksBuildPhase;
			buildActionMask = 2147483647;
			files = (
			);
			runOnlyForDeploymentPostprocessing = 0;
		};
		1F2AEDD41EFD5863001AEBB7 /* Frameworks */ = {
			isa = PBXFrameworksBuildPhase;
			buildActionMask = 2147483647;
			files = (
			);
			runOnlyForDeploymentPostprocessing = 0;
		};
/* End PBXFrameworksBuildPhase section */

/* Begin PBXGroup section */
		1F00B6EF1FAD9EF400C002B3 /* SteamPunkFlameThrower */ = {
			isa = PBXGroup;
			children = (
				1F00B6F01FAD9EF400C002B3 /* SteamPunkFlameThrower-Attack.atlas */,
				1F00B6F11FAD9EF400C002B3 /* SteamPunkFlameThrower-Stand.atlas */,
			);
			path = SteamPunkFlameThrower;
			sourceTree = "<group>";
		};
		1F00B6F41FAD9F0F00C002B3 /* SteamPunkPunch */ = {
			isa = PBXGroup;
			children = (
				1F00B6F51FAD9F0F00C002B3 /* SteamPunkPunch-Attack.atlas */,
				1F00B6F61FAD9F0F00C002B3 /* SteamPunkPunch-Stand.atlas */,
			);
			path = SteamPunkPunch;
			sourceTree = "<group>";
		};
		1F00B6F91FADB4AE00C002B3 /* munro */ = {
			isa = PBXGroup;
			children = (
				1F00B6FA1FADB4AE00C002B3 /* munro.ttf */,
				1F00B6FB1FADB4AE00C002B3 /* munro_narrow.ttf */,
				1F00B6FC1FADB4AE00C002B3 /* munro_small.ttf */,
			);
			path = munro;
			sourceTree = "<group>";
		};
		1F00B7071FAF588300C002B3 /* SteamPunkWalker */ = {
			isa = PBXGroup;
			children = (
				1F00B7081FAF588300C002B3 /* SteamPunkWalker-Attack.atlas */,
				1F00B7091FAF588300C002B3 /* SteamPunkWalker-Stand.atlas */,
			);
			path = SteamPunkWalker;
			sourceTree = "<group>";
		};
		1F11EF741FA9A4C900FD51B7 /* Player */ = {
			isa = PBXGroup;
			children = (
				1F0E08DD2040498F00C8F348 /* Player-StrongAttack.atlas */,
				1FCCDFB41FD182E100952DEA /* Player-Walking.atlas */,
				1FD69C151FAA0A760003CA7E /* Player-Stand.atlas */,
				1F11EF751FA9A4C900FD51B7 /* Player-Attack.atlas */,
			);
			path = Player;
			sourceTree = "<group>";
		};
		1F2AEDA91EFD5862001AEBB7 = {
			isa = PBXGroup;
			children = (
				1F2AEDB41EFD5862001AEBB7 /* match3 */,
				1F2AEDCF1EFD5863001AEBB7 /* match3Tests */,
				1F2AEDDA1EFD5863001AEBB7 /* match3UITests */,
				1F2AEDB31EFD5862001AEBB7 /* Products */,
			);
			sourceTree = "<group>";
		};
		1F2AEDB31EFD5862001AEBB7 /* Products */ = {
			isa = PBXGroup;
			children = (
				1F2AEDB21EFD5862001AEBB7 /* match3.app */,
				1F2AEDCC1EFD5863001AEBB7 /* match3Tests.xctest */,
				1F2AEDD71EFD5863001AEBB7 /* match3UITests.xctest */,
			);
			name = Products;
			sourceTree = "<group>";
		};
		1F2AEDB41EFD5862001AEBB7 /* match3 */ = {
			isa = PBXGroup;
			children = (
				1F88DE0920317B05005257A5 /* Levels */,
				1FB431B41FB5B28D00039960 /* Assets */,
				1F00B6F91FADB4AE00C002B3 /* munro */,
				1F2AEDB51EFD5862001AEBB7 /* AppDelegate.swift */,
				1F2AEDB91EFD5863001AEBB7 /* Actions.sks */,
				1F2AEDBD1EFD5863001AEBB7 /* GameViewController.swift */,
				1F2AEDBF1EFD5863001AEBB7 /* Main.storyboard */,
				1F2AEDC41EFD5863001AEBB7 /* LaunchScreen.storyboard */,
				1F2AEDC71EFD5863001AEBB7 /* Info.plist */,
				32280FA81FB956E600F954B1 /* LevelMenu */,
				1FD658F21F7E24BC00F808F4 /* EnemyAtlas */,
				1FD658F41F7E250300F808F4 /* GameClass */,
				1F00B7051FADBC8900C002B3 /* Heart.sks */,
				1F70F9E41FC6951800A0BAFD /* Armor.sks */,
			);
			path = match3;
			sourceTree = "<group>";
		};
		1F2AEDCF1EFD5863001AEBB7 /* match3Tests */ = {
			isa = PBXGroup;
			children = (
				1F2AEDD01EFD5863001AEBB7 /* match3Tests.swift */,
				1F2AEDD21EFD5863001AEBB7 /* Info.plist */,
			);
			path = match3Tests;
			sourceTree = "<group>";
		};
		1F2AEDDA1EFD5863001AEBB7 /* match3UITests */ = {
			isa = PBXGroup;
			children = (
				1F2AEDDB1EFD5863001AEBB7 /* match3UITests.swift */,
				1F2AEDDD1EFD5863001AEBB7 /* Info.plist */,
			);
			path = match3UITests;
			sourceTree = "<group>";
		};
		1F2D821A1F8277A200710D50 /* Stony */ = {
			isa = PBXGroup;
			children = (
				1F2D82241F83376F00710D50 /* Stony-Attack.atlas */,
				1F2D82221F83376700710D50 /* Stony-Stand.atlas */,
			);
			path = Stony;
			sourceTree = "<group>";
		};
		1F2D82281F88D83C00710D50 /* StoneScale */ = {
			isa = PBXGroup;
			children = (
				1F937CE2203438DE003F0C91 /* StoneScale-Attack.atlas */,
				1F937CE1203438DE003F0C91 /* StoneScale-Stand.atlas */,
			);
			path = StoneScale;
			sourceTree = "<group>";
		};
		1F70F9E81FC6AB1100A0BAFD /* RandomTestUnit */ = {
			isa = PBXGroup;
			children = (
				1F70F9EB1FC6AB2500A0BAFD /* RandomTestUnit-Stand.atlas */,
				1F70F9E91FC6AB2000A0BAFD /* RandomTestUnit-Attack.atlas */,
			);
			path = RandomTestUnit;
			sourceTree = "<group>";
		};
		1F815F091FD3058500133AC1 /* BG */ = {
			isa = PBXGroup;
			children = (
				1F983A601FED403100CE4FBC /* Dungeon.atlas */,
				1FED406D1FD5AB95008CD005 /* GrassLand.atlas */,
				1F815F0A1FD3059C00133AC1 /* SteamPunkBackground.atlas */,
			);
			path = BG;
			sourceTree = "<group>";
		};
		1F88DE04203083E9005257A5 /* Dummy */ = {
			isa = PBXGroup;
			children = (
				1F88DE072030840B005257A5 /* Dummy-Stand.atlas */,
				1F88DE05203083FF005257A5 /* Dummy-Attack.atlas */,
			);
			path = Dummy;
			sourceTree = "<group>";
		};
		1F88DE0920317B05005257A5 /* Levels */ = {
			isa = PBXGroup;
			children = (
				1F937CF2203AB587003F0C91 /* 0-1.json */,
				1F88DE0220307E8B005257A5 /* 0-2.json */,
				1F88DE0A20317B7E005257A5 /* 0-3.json */,
				1F937CF0203AB586003F0C91 /* 0-4.json */,
				1F937CF1203AB587003F0C91 /* 0-5.json */,
				1F937CF6203C65D8003F0C91 /* 0-6.json */,
				1F1D5993203052A70024EB0A /* 1-1.json */,
				1F937D04203EA58A003F0C91 /* 1-2.json */,
				1F937D02203EA58A003F0C91 /* 1-3.json */,
				1F937D05203EA58A003F0C91 /* 1-4.json */,
				1F937CF9203EA587003F0C91 /* 1-5.json */,
				1F937D07203EA58B003F0C91 /* 1-6.json */,
				1F937D06203EA58B003F0C91 /* 1-7.json */,
				1F937D00203EA589003F0C91 /* 1-8.json */,
				1F937D0A203EA58C003F0C91 /* 1-9.json */,
				1F937D01203EA58A003F0C91 /* 1-10.json */,
				1F937D09203EA58B003F0C91 /* 1-11.json */,
				1F937CFB203EA588003F0C91 /* 1-12.json */,
				1F937CFC203EA588003F0C91 /* 1-13.json */,
				1F937CFD203EA589003F0C91 /* 1-14.json */,
				1F937D08203EA58B003F0C91 /* 1-15.json */,
				1F937CF8203EA587003F0C91 /* 1-16.json */,
				1F937D03203EA58A003F0C91 /* 1-17.json */,
				1F937CFA203EA588003F0C91 /* 1-18.json */,
				1F937CFE203EA589003F0C91 /* 1-19.json */,
				1F937CFF203EA589003F0C91 /* 1-20.json */,
				1F937CE520359A67003F0C91 /* 2-1.json */,
			);
			path = Levels;
			sourceTree = "<group>";
		};
		1F937CD22032CB41003F0C91 /* NeutralTurtle */ = {
			isa = PBXGroup;
			children = (
				1F937CD42032CB5E003F0C91 /* NeutralTurtle-Attack.atlas */,
				1F937CD32032CB5D003F0C91 /* NeutralTurtle-Stand.atlas */,
			);
			path = NeutralTurtle;
			sourceTree = "<group>";
		};
		1F937CD72032CE6E003F0C91 /* CultistsProphet */ = {
			isa = PBXGroup;
			children = (
				1F937CDC2032CF0F003F0C91 /* CultistsProphet-Attack.atlas */,
				1F937CDD2032CF10003F0C91 /* CultistsProphet-Stand.atlas */,
			);
			path = CultistsProphet;
			sourceTree = "<group>";
		};
		1F937CE920384BA9003F0C91 /* SteamPunkGuard */ = {
			isa = PBXGroup;
			children = (
				1F937CEA20384BC7003F0C91 /* SteamPunkGuard-Attack.atlas */,
				1F937CEB20384BC7003F0C91 /* SteamPunkGuard-Stand.atlas */,
			);
			path = SteamPunkGuard;
			sourceTree = "<group>";
		};
		1F983A661FED462100CE4FBC /* Bee */ = {
			isa = PBXGroup;
			children = (
				1F983A621FED460E00CE4FBC /* Bee-Attack.atlas */,
				1F983A631FED460E00CE4FBC /* Bee-Stand.atlas */,
			);
			path = Bee;
			sourceTree = "<group>";
		};
		1FB431B41FB5B28D00039960 /* Assets */ = {
			isa = PBXGroup;
			children = (
				1F937CE7203730DA003F0C91 /* LevelIcon.xcassets */,
				1FD49873201F6A5E0057ED2A /* EnemyIcon.xcassets */,
				1F38FFE8201F64370005FB35 /* Shit.xcassets */,
				1F2D82101F7E385C00710D50 /* Assets.xcassets */,
				1F815F091FD3058500133AC1 /* BG */,
				1FB431B61FB7380600039960 /* BuffAtlas */,
				1FB431B21FB5B28000039960 /* MatchTexture.xcassets */,
				1F11EF701FA5F20D00FD51B7 /* GameUI.xcassets */,
				1FB431BF1FB835F900039960 /* SpellTexture.xcassets */,
				1F937CEE2039EFCC003F0C91 /* ToolTip.xcassets */,
			);
			path = Assets;
			sourceTree = "<group>";
		};
		1FB431B61FB7380600039960 /* BuffAtlas */ = {
			isa = PBXGroup;
			children = (
				1FB431B81FB7384C00039960 /* BuffArmor.atlas */,
			);
			path = BuffAtlas;
			sourceTree = "<group>";
		};
		1FB431BA1FB753E000039960 /* ShadowRin */ = {
			isa = PBXGroup;
			children = (
				1FB431BB1FB753E000039960 /* ShadowRin-Attack.atlas */,
				1FB431BC1FB753E000039960 /* ShadowRin-Stand.atlas */,
			);
			path = ShadowRin;
			sourceTree = "<group>";
		};
		1FD658F21F7E24BC00F808F4 /* EnemyAtlas */ = {
			isa = PBXGroup;
			children = (
				1F937CE920384BA9003F0C91 /* SteamPunkGuard */,
				1F983A661FED462100CE4FBC /* Bee */,
				1F937CD72032CE6E003F0C91 /* CultistsProphet */,
				1F88DE04203083E9005257A5 /* Dummy */,
				1F937CD22032CB41003F0C91 /* NeutralTurtle */,
				1F70F9E81FC6AB1100A0BAFD /* RandomTestUnit */,
				1FD69C171FAAE1440003CA7E /* RoyalMage */,
				1FB431BA1FB753E000039960 /* ShadowRin */,
				1F00B6EF1FAD9EF400C002B3 /* SteamPunkFlameThrower */,
				1F00B6F41FAD9F0F00C002B3 /* SteamPunkPunch */,
				1F00B7071FAF588300C002B3 /* SteamPunkWalker */,
				1F2D82281F88D83C00710D50 /* StoneScale */,
				1F2D821A1F8277A200710D50 /* Stony */,
				1FFD4F6D1F76403500952F94 /* testAttack.atlas */,
				1FFD4F6F1F76406100952F94 /* testStand.atlas */,
			);
			path = EnemyAtlas;
			sourceTree = "<group>";
		};
		1FD658F31F7E24CC00F808F4 /* GameSceneClass */ = {
			isa = PBXGroup;
			children = (
				1FB1A1591F009BF0004EEA96 /* GS_Match.swift */,
				1FE14C1C1F00D30500B7138A /* GS_ActionGesture.swift */,
				1F6AA2591F35944B002586DD /* GS_CheckArr.swift */,
				1F16AD6B1F3F45E100AAEA51 /* GS_Animation.swift */,
				1F26CA261F41B93500691519 /* GS_ActionOnScene.swift */,
				1F2AEDB71EFD5863001AEBB7 /* GameScene.sks */,
				1F2AEDBB1EFD5863001AEBB7 /* GameScene.swift */,
				1F00B70C1FB345E200C002B3 /* GS_BuildLevel.swift */,
				1F13F9511FBDCA49008DA2C9 /* GS_HelpFunction.swift */,
				1F5EE8851F70ECDB0099F969 /* GS_EnemyControll.swift */,
			);
			path = GameSceneClass;
			sourceTree = "<group>";
		};
		1FD658F41F7E250300F808F4 /* GameClass */ = {
			isa = PBXGroup;
			children = (
				1FD658F61F7E257E00F808F4 /* PlayerClass */,
				1FD658F51F7E257400F808F4 /* EnemyClass */,
				1FD658F31F7E24CC00F808F4 /* GameSceneClass */,
				1FF8179F1FC1901300F07292 /* SpellClass */,
				1FF817A01FC1902500F07292 /* OtherClass */,
			);
			path = GameClass;
			sourceTree = "<group>";
		};
		1FD658F51F7E257400F808F4 /* EnemyClass */ = {
			isa = PBXGroup;
			children = (
				1F443DB51F55998200D5CBD5 /* Enemy.swift */,
				1F2D82141F80D09300710D50 /* Enemy_LabelOverHead.swift */,
				1F2D822D1F88EA6500710D50 /* Enemy_AttackMod.swift */,
				1F6A49321FBC08F80088AE44 /* Enemy_DeathMod.swift */,
				1F70F9ED1FC6D1BB00A0BAFD /* Enemy_BreakArmorMod.swift */,
				1F86A34C1FC7026F00DBDBB5 /* Enemy_Defense.swift */,
				1F00B6ED1FAD9E2000C002B3 /* GS_EnemyCollection.swift */,
			);
			path = EnemyClass;
			sourceTree = "<group>";
		};
		1FD658F61F7E257E00F808F4 /* PlayerClass */ = {
			isa = PBXGroup;
			children = (
				1F11EF741FA9A4C900FD51B7 /* Player */,
				1F3E25EE1F582C3E004C48D7 /* Player.swift */,
				1F2D82121F80CB7D00710D50 /* Player_LabelOverHead.swift */,
			);
			path = PlayerClass;
			sourceTree = "<group>";
		};
		1FD69C171FAAE1440003CA7E /* RoyalMage */ = {
			isa = PBXGroup;
			children = (
				1FD69C181FAAE1440003CA7E /* RoyalMage-Attack.atlas */,
				1FD69C191FAAE1440003CA7E /* RoyalMage-Stand.atlas */,
			);
			path = RoyalMage;
			sourceTree = "<group>";
		};
		1FF8179F1FC1901300F07292 /* SpellClass */ = {
			isa = PBXGroup;
			children = (
				1FF8179D1FC1755600F07292 /* SpellClass.swift */,
				1F6A49301FBB45DE0088AE44 /* GS_SpellBook.swift */,
			);
			path = SpellClass;
			sourceTree = "<group>";
		};
		1FF817A01FC1902500F07292 /* OtherClass */ = {
			isa = PBXGroup;
			children = (
				1F13F94F1FBD7104008DA2C9 /* CountClass.swift */,
				1FB431441FB4908B00039960 /* MatchParamerts.swift */,
				1FF817A11FC2A1B900F07292 /* GenerationRandomUnit.swift */,
				1F9C4B971FCEB1EF0090714E /* MovingScreen.swift */,
				1F455F29202B014100B43E1C /* PlayerStat.swift */,
				1F88DE0C2031AFC4005257A5 /* Extension.swift */,
			);
			path = OtherClass;
			sourceTree = "<group>";
		};
		32280FA81FB956E600F954B1 /* LevelMenu */ = {
			isa = PBXGroup;
			children = (
				32280FA91FB9570600F954B1 /* PageViewController.swift */,
				32280FAB1FB9577900F954B1 /* ChoiceLevelViewController.swift */,
				1F455F2D202B1ED200B43E1C /* TownHallViewController.swift */,
				1F455F2F202B204800B43E1C /* MainMenuViewController.swift */,
			);
			path = LevelMenu;
			sourceTree = "<group>";
		};
/* End PBXGroup section */

/* Begin PBXNativeTarget section */
		1F2AEDB11EFD5862001AEBB7 /* match3 */ = {
			isa = PBXNativeTarget;
			buildConfigurationList = 1F2AEDE01EFD5863001AEBB7 /* Build configuration list for PBXNativeTarget "match3" */;
			buildPhases = (
				1F2AEDAE1EFD5862001AEBB7 /* Sources */,
				1F2AEDAF1EFD5862001AEBB7 /* Frameworks */,
				1F2AEDB01EFD5862001AEBB7 /* Resources */,
			);
			buildRules = (
			);
			dependencies = (
			);
			name = match3;
			productName = match3;
			productReference = 1F2AEDB21EFD5862001AEBB7 /* match3.app */;
			productType = "com.apple.product-type.application";
		};
		1F2AEDCB1EFD5863001AEBB7 /* match3Tests */ = {
			isa = PBXNativeTarget;
			buildConfigurationList = 1F2AEDE31EFD5863001AEBB7 /* Build configuration list for PBXNativeTarget "match3Tests" */;
			buildPhases = (
				1F2AEDC81EFD5863001AEBB7 /* Sources */,
				1F2AEDC91EFD5863001AEBB7 /* Frameworks */,
				1F2AEDCA1EFD5863001AEBB7 /* Resources */,
			);
			buildRules = (
			);
			dependencies = (
				1F2AEDCE1EFD5863001AEBB7 /* PBXTargetDependency */,
			);
			name = match3Tests;
			productName = match3Tests;
			productReference = 1F2AEDCC1EFD5863001AEBB7 /* match3Tests.xctest */;
			productType = "com.apple.product-type.bundle.unit-test";
		};
		1F2AEDD61EFD5863001AEBB7 /* match3UITests */ = {
			isa = PBXNativeTarget;
			buildConfigurationList = 1F2AEDE61EFD5863001AEBB7 /* Build configuration list for PBXNativeTarget "match3UITests" */;
			buildPhases = (
				1F2AEDD31EFD5863001AEBB7 /* Sources */,
				1F2AEDD41EFD5863001AEBB7 /* Frameworks */,
				1F2AEDD51EFD5863001AEBB7 /* Resources */,
			);
			buildRules = (
			);
			dependencies = (
				1F2AEDD91EFD5863001AEBB7 /* PBXTargetDependency */,
			);
			name = match3UITests;
			productName = match3UITests;
			productReference = 1F2AEDD71EFD5863001AEBB7 /* match3UITests.xctest */;
			productType = "com.apple.product-type.bundle.ui-testing";
		};
/* End PBXNativeTarget section */

/* Begin PBXProject section */
		1F2AEDAA1EFD5862001AEBB7 /* Project object */ = {
			isa = PBXProject;
			attributes = {
				LastSwiftUpdateCheck = 0830;
				LastUpgradeCheck = 0910;
				ORGANIZATIONNAME = "Женя";
				TargetAttributes = {
					1F2AEDB11EFD5862001AEBB7 = {
						CreatedOnToolsVersion = 8.3.3;
						DevelopmentTeam = WKK4K5T5H2;
						LastSwiftMigration = 0910;
						ProvisioningStyle = Automatic;
					};
					1F2AEDCB1EFD5863001AEBB7 = {
						CreatedOnToolsVersion = 8.3.3;
						LastSwiftMigration = 0910;
						ProvisioningStyle = Automatic;
						TestTargetID = 1F2AEDB11EFD5862001AEBB7;
					};
					1F2AEDD61EFD5863001AEBB7 = {
						CreatedOnToolsVersion = 8.3.3;
						LastSwiftMigration = 0910;
						ProvisioningStyle = Automatic;
						TestTargetID = 1F2AEDB11EFD5862001AEBB7;
					};
				};
			};
			buildConfigurationList = 1F2AEDAD1EFD5862001AEBB7 /* Build configuration list for PBXProject "match3" */;
			compatibilityVersion = "Xcode 3.2";
			developmentRegion = English;
			hasScannedForEncodings = 0;
			knownRegions = (
				en,
				Base,
			);
			mainGroup = 1F2AEDA91EFD5862001AEBB7;
			productRefGroup = 1F2AEDB31EFD5862001AEBB7 /* Products */;
			projectDirPath = "";
			projectRoot = "";
			targets = (
				1F2AEDB11EFD5862001AEBB7 /* match3 */,
				1F2AEDCB1EFD5863001AEBB7 /* match3Tests */,
				1F2AEDD61EFD5863001AEBB7 /* match3UITests */,
			);
		};
/* End PBXProject section */

/* Begin PBXResourcesBuildPhase section */
		1F2AEDB01EFD5862001AEBB7 /* Resources */ = {
			isa = PBXResourcesBuildPhase;
			buildActionMask = 2147483647;
			files = (
				1F937CE4203438DE003F0C91 /* StoneScale-Attack.atlas in Resources */,
				1F88DE0320307E8C005257A5 /* 0-2.json in Resources */,
				1FED406E1FD5AB96008CD005 /* GrassLand.atlas in Resources */,
				1F88DE06203083FF005257A5 /* Dummy-Attack.atlas in Resources */,
				1FD69C1B1FAAE1440003CA7E /* RoyalMage-Stand.atlas in Resources */,
				1F937D17203EA58C003F0C91 /* 1-2.json in Resources */,
				1FB431C01FB835F900039960 /* SpellTexture.xcassets in Resources */,
				1F937CF3203AB587003F0C91 /* 0-4.json in Resources */,
				1F2D82231F83376700710D50 /* Stony-Stand.atlas in Resources */,
				1F00B6F31FAD9EF400C002B3 /* SteamPunkFlameThrower-Stand.atlas in Resources */,
				1F937D1D203EA58C003F0C91 /* 1-9.json in Resources */,
				1F0E08DE2040498F00C8F348 /* Player-StrongAttack.atlas in Resources */,
				1F00B6F81FAD9F0F00C002B3 /* SteamPunkPunch-Stand.atlas in Resources */,
				1F88DE0B20317B7E005257A5 /* 0-3.json in Resources */,
				1FD69C161FAA0A760003CA7E /* Player-Stand.atlas in Resources */,
				1F937D13203EA58C003F0C91 /* 1-8.json in Resources */,
				1F00B70B1FAF588300C002B3 /* SteamPunkWalker-Stand.atlas in Resources */,
				1FD49874201F6A5E0057ED2A /* EnemyIcon.xcassets in Resources */,
				1F937CD62032CB5E003F0C91 /* NeutralTurtle-Attack.atlas in Resources */,
				1F815F0B1FD3059C00133AC1 /* SteamPunkBackground.atlas in Resources */,
				1FB431BD1FB753E000039960 /* ShadowRin-Attack.atlas in Resources */,
				1F937CE8203730DA003F0C91 /* LevelIcon.xcassets in Resources */,
				1F2AEDC11EFD5863001AEBB7 /* Main.storyboard in Resources */,
				1F937D0C203EA58C003F0C91 /* 1-5.json in Resources */,
				1F88DE082030840B005257A5 /* Dummy-Stand.atlas in Resources */,
				1F937D11203EA58C003F0C91 /* 1-19.json in Resources */,
				1F937D19203EA58C003F0C91 /* 1-7.json in Resources */,
				1F937D1C203EA58C003F0C91 /* 1-11.json in Resources */,
				1F937D1B203EA58C003F0C91 /* 1-15.json in Resources */,
				1FFD4F701F76406100952F94 /* testStand.atlas in Resources */,
				1F937CF5203AB587003F0C91 /* 0-1.json in Resources */,
				1F00B6FD1FADB4AE00C002B3 /* munro.ttf in Resources */,
				1F937CDF2032CF10003F0C91 /* CultistsProphet-Stand.atlas in Resources */,
				1F937CEC20384BC7003F0C91 /* SteamPunkGuard-Attack.atlas in Resources */,
				1F2D82251F83376F00710D50 /* Stony-Attack.atlas in Resources */,
				1F6AA25B1F361642002586DD /* GameScene.sks in Resources */,
				1F983A641FED460E00CE4FBC /* Bee-Attack.atlas in Resources */,
				1F937D16203EA58C003F0C91 /* 1-17.json in Resources */,
				1F70F9E51FC6951800A0BAFD /* Armor.sks in Resources */,
				1F70F9EA1FC6AB2000A0BAFD /* RandomTestUnit-Attack.atlas in Resources */,
				1FB431B91FB7384C00039960 /* BuffArmor.atlas in Resources */,
				1F937CF4203AB587003F0C91 /* 0-5.json in Resources */,
				1F937D0F203EA58C003F0C91 /* 1-13.json in Resources */,
				1F937D18203EA58C003F0C91 /* 1-4.json in Resources */,
				1F983A651FED460E00CE4FBC /* Bee-Stand.atlas in Resources */,
				1F937CED20384BC7003F0C91 /* SteamPunkGuard-Stand.atlas in Resources */,
				1F2AEDC61EFD5863001AEBB7 /* LaunchScreen.storyboard in Resources */,
				1FD69C1A1FAAE1440003CA7E /* RoyalMage-Attack.atlas in Resources */,
				1F937D1A203EA58C003F0C91 /* 1-6.json in Resources */,
				1F11EF761FA9A4C900FD51B7 /* Player-Attack.atlas in Resources */,
				1F11EF711FA5F20D00FD51B7 /* GameUI.xcassets in Resources */,
				1F983A611FED403100CE4FBC /* Dungeon.atlas in Resources */,
				1F937CF7203C65D8003F0C91 /* 0-6.json in Resources */,
				1F2D82111F7E385D00710D50 /* Assets.xcassets in Resources */,
				1F00B70A1FAF588300C002B3 /* SteamPunkWalker-Attack.atlas in Resources */,
				1F00B6F21FAD9EF400C002B3 /* SteamPunkFlameThrower-Attack.atlas in Resources */,
				1FB431BE1FB753E000039960 /* ShadowRin-Stand.atlas in Resources */,
				1F937D14203EA58C003F0C91 /* 1-10.json in Resources */,
				1F38FFE9201F64370005FB35 /* Shit.xcassets in Resources */,
				1F937CDE2032CF10003F0C91 /* CultistsProphet-Attack.atlas in Resources */,
				1F937D12203EA58C003F0C91 /* 1-20.json in Resources */,
				1F70F9EC1FC6AB2500A0BAFD /* RandomTestUnit-Stand.atlas in Resources */,
				1F937D0B203EA58C003F0C91 /* 1-16.json in Resources */,
				1F937D0D203EA58C003F0C91 /* 1-18.json in Resources */,
				1F937D0E203EA58C003F0C91 /* 1-12.json in Resources */,
				1F937CE620359A67003F0C91 /* 2-1.json in Resources */,
				1F1D5994203052A80024EB0A /* 1-1.json in Resources */,
				1F00B6F71FAD9F0F00C002B3 /* SteamPunkPunch-Attack.atlas in Resources */,
				1F00B6FE1FADB4AE00C002B3 /* munro_narrow.ttf in Resources */,
				1F00B6FF1FADB4AE00C002B3 /* munro_small.ttf in Resources */,
				1F937CE3203438DE003F0C91 /* StoneScale-Stand.atlas in Resources */,
				1FB431B31FB5B28000039960 /* MatchTexture.xcassets in Resources */,
				1F2AEDBA1EFD5863001AEBB7 /* Actions.sks in Resources */,
				1FFD4F6E1F76403600952F94 /* testAttack.atlas in Resources */,
				1FCCDFB51FD182E100952DEA /* Player-Walking.atlas in Resources */,
				1F937D15203EA58C003F0C91 /* 1-3.json in Resources */,
				1F937CD52032CB5E003F0C91 /* NeutralTurtle-Stand.atlas in Resources */,
				1F00B7061FADBC8900C002B3 /* Heart.sks in Resources */,
				1F937D10203EA58C003F0C91 /* 1-14.json in Resources */,
				1F937CEF2039EFCC003F0C91 /* ToolTip.xcassets in Resources */,
			);
			runOnlyForDeploymentPostprocessing = 0;
		};
		1F2AEDCA1EFD5863001AEBB7 /* Resources */ = {
			isa = PBXResourcesBuildPhase;
			buildActionMask = 2147483647;
			files = (
			);
			runOnlyForDeploymentPostprocessing = 0;
		};
		1F2AEDD51EFD5863001AEBB7 /* Resources */ = {
			isa = PBXResourcesBuildPhase;
			buildActionMask = 2147483647;
			files = (
			);
			runOnlyForDeploymentPostprocessing = 0;
		};
/* End PBXResourcesBuildPhase section */

/* Begin PBXSourcesBuildPhase section */
		1F2AEDAE1EFD5862001AEBB7 /* Sources */ = {
			isa = PBXSourcesBuildPhase;
			buildActionMask = 2147483647;
			files = (
				1FF817A21FC2A1B900F07292 /* GenerationRandomUnit.swift in Sources */,
				1F9C4B981FCEB1EF0090714E /* MovingScreen.swift in Sources */,
				1F3E25EF1F582C3E004C48D7 /* Player.swift in Sources */,
				1F6A49331FBC08F80088AE44 /* Enemy_DeathMod.swift in Sources */,
				1F6AA25A1F35944B002586DD /* GS_CheckArr.swift in Sources */,
				1F2D82131F80CB7D00710D50 /* Player_LabelOverHead.swift in Sources */,
				1F5EE8861F70ECDB0099F969 /* GS_EnemyControll.swift in Sources */,
				1F88DE0D2031AFC4005257A5 /* Extension.swift in Sources */,
				1F13F9521FBDCA49008DA2C9 /* GS_HelpFunction.swift in Sources */,
				1F2AEDBC1EFD5863001AEBB7 /* GameScene.swift in Sources */,
				1F00B70D1FB345E200C002B3 /* GS_BuildLevel.swift in Sources */,
				1FB431451FB4908B00039960 /* MatchParamerts.swift in Sources */,
				1FF8179E1FC1755600F07292 /* SpellClass.swift in Sources */,
				32280FAC1FB9577900F954B1 /* ChoiceLevelViewController.swift in Sources */,
				1F86A34D1FC7026F00DBDBB5 /* Enemy_Defense.swift in Sources */,
				1F2D82151F80D09300710D50 /* Enemy_LabelOverHead.swift in Sources */,
				1F00B6EE1FAD9E2000C002B3 /* GS_EnemyCollection.swift in Sources */,
				1F2AEDBE1EFD5863001AEBB7 /* GameViewController.swift in Sources */,
				1FE14C1D1F00D30500B7138A /* GS_ActionGesture.swift in Sources */,
				1F2AEDB61EFD5862001AEBB7 /* AppDelegate.swift in Sources */,
				1F443DB61F55998200D5CBD5 /* Enemy.swift in Sources */,
				1F26CA271F41B93500691519 /* GS_ActionOnScene.swift in Sources */,
				1F70F9EE1FC6D1BB00A0BAFD /* Enemy_BreakArmorMod.swift in Sources */,
				1F455F30202B204800B43E1C /* MainMenuViewController.swift in Sources */,
				1F455F2A202B014100B43E1C /* PlayerStat.swift in Sources */,
				1F455F2E202B1ED200B43E1C /* TownHallViewController.swift in Sources */,
				1F16AD6C1F3F45E100AAEA51 /* GS_Animation.swift in Sources */,
				1F13F9501FBD7104008DA2C9 /* CountClass.swift in Sources */,
				32280FAA1FB9570600F954B1 /* PageViewController.swift in Sources */,
				1F6A49311FBB45DE0088AE44 /* GS_SpellBook.swift in Sources */,
				1FB1A15A1F009BF0004EEA96 /* GS_Match.swift in Sources */,
				1F2D822E1F88EA6500710D50 /* Enemy_AttackMod.swift in Sources */,
			);
			runOnlyForDeploymentPostprocessing = 0;
		};
		1F2AEDC81EFD5863001AEBB7 /* Sources */ = {
			isa = PBXSourcesBuildPhase;
			buildActionMask = 2147483647;
			files = (
				1F2AEDD11EFD5863001AEBB7 /* match3Tests.swift in Sources */,
			);
			runOnlyForDeploymentPostprocessing = 0;
		};
		1F2AEDD31EFD5863001AEBB7 /* Sources */ = {
			isa = PBXSourcesBuildPhase;
			buildActionMask = 2147483647;
			files = (
				1F2AEDDC1EFD5863001AEBB7 /* match3UITests.swift in Sources */,
			);
			runOnlyForDeploymentPostprocessing = 0;
		};
/* End PBXSourcesBuildPhase section */

/* Begin PBXTargetDependency section */
		1F2AEDCE1EFD5863001AEBB7 /* PBXTargetDependency */ = {
			isa = PBXTargetDependency;
			target = 1F2AEDB11EFD5862001AEBB7 /* match3 */;
			targetProxy = 1F2AEDCD1EFD5863001AEBB7 /* PBXContainerItemProxy */;
		};
		1F2AEDD91EFD5863001AEBB7 /* PBXTargetDependency */ = {
			isa = PBXTargetDependency;
			target = 1F2AEDB11EFD5862001AEBB7 /* match3 */;
			targetProxy = 1F2AEDD81EFD5863001AEBB7 /* PBXContainerItemProxy */;
		};
/* End PBXTargetDependency section */

/* Begin PBXVariantGroup section */
		1F2AEDBF1EFD5863001AEBB7 /* Main.storyboard */ = {
			isa = PBXVariantGroup;
			children = (
				1F2AEDC01EFD5863001AEBB7 /* Base */,
			);
			name = Main.storyboard;
			sourceTree = "<group>";
		};
		1F2AEDC41EFD5863001AEBB7 /* LaunchScreen.storyboard */ = {
			isa = PBXVariantGroup;
			children = (
				1F2AEDC51EFD5863001AEBB7 /* Base */,
			);
			name = LaunchScreen.storyboard;
			sourceTree = "<group>";
		};
/* End PBXVariantGroup section */

/* Begin XCBuildConfiguration section */
		1F2AEDDE1EFD5863001AEBB7 /* Debug */ = {
			isa = XCBuildConfiguration;
			buildSettings = {
				ALWAYS_SEARCH_USER_PATHS = NO;
				CLANG_ANALYZER_NONNULL = YES;
				CLANG_ANALYZER_NUMBER_OBJECT_CONVERSION = YES_AGGRESSIVE;
				CLANG_CXX_LANGUAGE_STANDARD = "gnu++0x";
				CLANG_CXX_LIBRARY = "libc++";
				CLANG_ENABLE_MODULES = YES;
				CLANG_ENABLE_OBJC_ARC = YES;
				CLANG_WARN_BLOCK_CAPTURE_AUTORELEASING = YES;
				CLANG_WARN_BOOL_CONVERSION = YES;
				CLANG_WARN_COMMA = YES;
				CLANG_WARN_CONSTANT_CONVERSION = YES;
				CLANG_WARN_DIRECT_OBJC_ISA_USAGE = YES_ERROR;
				CLANG_WARN_DOCUMENTATION_COMMENTS = YES;
				CLANG_WARN_EMPTY_BODY = YES;
				CLANG_WARN_ENUM_CONVERSION = YES;
				CLANG_WARN_INFINITE_RECURSION = YES;
				CLANG_WARN_INT_CONVERSION = YES;
				CLANG_WARN_NON_LITERAL_NULL_CONVERSION = YES;
				CLANG_WARN_OBJC_LITERAL_CONVERSION = YES;
				CLANG_WARN_OBJC_ROOT_CLASS = YES_ERROR;
				CLANG_WARN_RANGE_LOOP_ANALYSIS = YES;
				CLANG_WARN_STRICT_PROTOTYPES = YES;
				CLANG_WARN_SUSPICIOUS_MOVE = YES;
				CLANG_WARN_UNREACHABLE_CODE = YES;
				CLANG_WARN__DUPLICATE_METHOD_MATCH = YES;
				"CODE_SIGN_IDENTITY[sdk=iphoneos*]" = "iPhone Developer";
				COPY_PHASE_STRIP = NO;
				DEBUG_INFORMATION_FORMAT = dwarf;
				ENABLE_STRICT_OBJC_MSGSEND = YES;
				ENABLE_TESTABILITY = YES;
				GCC_C_LANGUAGE_STANDARD = gnu99;
				GCC_DYNAMIC_NO_PIC = NO;
				GCC_NO_COMMON_BLOCKS = YES;
				GCC_OPTIMIZATION_LEVEL = 0;
				GCC_PREPROCESSOR_DEFINITIONS = (
					"DEBUG=1",
					"$(inherited)",
				);
				GCC_WARN_64_TO_32_BIT_CONVERSION = YES;
				GCC_WARN_ABOUT_RETURN_TYPE = YES_ERROR;
				GCC_WARN_UNDECLARED_SELECTOR = YES;
				GCC_WARN_UNINITIALIZED_AUTOS = YES_AGGRESSIVE;
				GCC_WARN_UNUSED_FUNCTION = YES;
				GCC_WARN_UNUSED_VARIABLE = YES;
				IPHONEOS_DEPLOYMENT_TARGET = 11.0;
				MTL_ENABLE_DEBUG_INFO = YES;
				ONLY_ACTIVE_ARCH = YES;
				SDKROOT = iphoneos;
				SWIFT_ACTIVE_COMPILATION_CONDITIONS = DEBUG;
				SWIFT_OPTIMIZATION_LEVEL = "-Onone";
			};
			name = Debug;
		};
		1F2AEDDF1EFD5863001AEBB7 /* Release */ = {
			isa = XCBuildConfiguration;
			buildSettings = {
				ALWAYS_SEARCH_USER_PATHS = NO;
				CLANG_ANALYZER_NONNULL = YES;
				CLANG_ANALYZER_NUMBER_OBJECT_CONVERSION = YES_AGGRESSIVE;
				CLANG_CXX_LANGUAGE_STANDARD = "gnu++0x";
				CLANG_CXX_LIBRARY = "libc++";
				CLANG_ENABLE_MODULES = YES;
				CLANG_ENABLE_OBJC_ARC = YES;
				CLANG_WARN_BLOCK_CAPTURE_AUTORELEASING = YES;
				CLANG_WARN_BOOL_CONVERSION = YES;
				CLANG_WARN_COMMA = YES;
				CLANG_WARN_CONSTANT_CONVERSION = YES;
				CLANG_WARN_DIRECT_OBJC_ISA_USAGE = YES_ERROR;
				CLANG_WARN_DOCUMENTATION_COMMENTS = YES;
				CLANG_WARN_EMPTY_BODY = YES;
				CLANG_WARN_ENUM_CONVERSION = YES;
				CLANG_WARN_INFINITE_RECURSION = YES;
				CLANG_WARN_INT_CONVERSION = YES;
				CLANG_WARN_NON_LITERAL_NULL_CONVERSION = YES;
				CLANG_WARN_OBJC_LITERAL_CONVERSION = YES;
				CLANG_WARN_OBJC_ROOT_CLASS = YES_ERROR;
				CLANG_WARN_RANGE_LOOP_ANALYSIS = YES;
				CLANG_WARN_STRICT_PROTOTYPES = YES;
				CLANG_WARN_SUSPICIOUS_MOVE = YES;
				CLANG_WARN_UNREACHABLE_CODE = YES;
				CLANG_WARN__DUPLICATE_METHOD_MATCH = YES;
				"CODE_SIGN_IDENTITY[sdk=iphoneos*]" = "iPhone Developer";
				COPY_PHASE_STRIP = NO;
				DEBUG_INFORMATION_FORMAT = "dwarf-with-dsym";
				ENABLE_NS_ASSERTIONS = NO;
				ENABLE_STRICT_OBJC_MSGSEND = YES;
				GCC_C_LANGUAGE_STANDARD = gnu99;
				GCC_NO_COMMON_BLOCKS = YES;
				GCC_WARN_64_TO_32_BIT_CONVERSION = YES;
				GCC_WARN_ABOUT_RETURN_TYPE = YES_ERROR;
				GCC_WARN_UNDECLARED_SELECTOR = YES;
				GCC_WARN_UNINITIALIZED_AUTOS = YES_AGGRESSIVE;
				GCC_WARN_UNUSED_FUNCTION = YES;
				GCC_WARN_UNUSED_VARIABLE = YES;
				IPHONEOS_DEPLOYMENT_TARGET = 11.0;
				MTL_ENABLE_DEBUG_INFO = NO;
				SDKROOT = iphoneos;
				SWIFT_OPTIMIZATION_LEVEL = "-Owholemodule";
				VALIDATE_PRODUCT = YES;
			};
			name = Release;
		};
		1F2AEDE11EFD5863001AEBB7 /* Debug */ = {
			isa = XCBuildConfiguration;
			buildSettings = {
				ASSETCATALOG_COMPILER_APPICON_NAME = AppIcon;
				DEVELOPMENT_TEAM = WKK4K5T5H2;
				INFOPLIST_FILE = match3/Info.plist;
				IPHONEOS_DEPLOYMENT_TARGET = 11.1;
				LD_RUNPATH_SEARCH_PATHS = "$(inherited) @executable_path/Frameworks";
				PRODUCT_BUNDLE_IDENTIFIER = com.GetAptSudo.Match3;
				PRODUCT_NAME = "$(TARGET_NAME)";
				SWIFT_VERSION = 3.0;
			};
			name = Debug;
		};
		1F2AEDE21EFD5863001AEBB7 /* Release */ = {
			isa = XCBuildConfiguration;
			buildSettings = {
				ASSETCATALOG_COMPILER_APPICON_NAME = AppIcon;
				DEVELOPMENT_TEAM = WKK4K5T5H2;
				INFOPLIST_FILE = match3/Info.plist;
				IPHONEOS_DEPLOYMENT_TARGET = 11.1;
				LD_RUNPATH_SEARCH_PATHS = "$(inherited) @executable_path/Frameworks";
				PRODUCT_BUNDLE_IDENTIFIER = com.GetAptSudo.Match3;
				PRODUCT_NAME = "$(TARGET_NAME)";
				SWIFT_VERSION = 3.0;
			};
			name = Release;
		};
		1F2AEDE41EFD5863001AEBB7 /* Debug */ = {
			isa = XCBuildConfiguration;
			buildSettings = {
				ALWAYS_EMBED_SWIFT_STANDARD_LIBRARIES = YES;
				BUNDLE_LOADER = "$(TEST_HOST)";
				INFOPLIST_FILE = match3Tests/Info.plist;
				LD_RUNPATH_SEARCH_PATHS = "$(inherited) @executable_path/Frameworks @loader_path/Frameworks";
				PRODUCT_BUNDLE_IDENTIFIER = com.qwe.qwe.match3Tests;
				PRODUCT_NAME = "$(TARGET_NAME)";
				SWIFT_VERSION = 3.0;
				TEST_HOST = "$(BUILT_PRODUCTS_DIR)/match3.app/match3";
			};
			name = Debug;
		};
		1F2AEDE51EFD5863001AEBB7 /* Release */ = {
			isa = XCBuildConfiguration;
			buildSettings = {
				ALWAYS_EMBED_SWIFT_STANDARD_LIBRARIES = YES;
				BUNDLE_LOADER = "$(TEST_HOST)";
				INFOPLIST_FILE = match3Tests/Info.plist;
				LD_RUNPATH_SEARCH_PATHS = "$(inherited) @executable_path/Frameworks @loader_path/Frameworks";
				PRODUCT_BUNDLE_IDENTIFIER = com.qwe.qwe.match3Tests;
				PRODUCT_NAME = "$(TARGET_NAME)";
				SWIFT_VERSION = 3.0;
				TEST_HOST = "$(BUILT_PRODUCTS_DIR)/match3.app/match3";
			};
			name = Release;
		};
		1F2AEDE71EFD5863001AEBB7 /* Debug */ = {
			isa = XCBuildConfiguration;
			buildSettings = {
				ALWAYS_EMBED_SWIFT_STANDARD_LIBRARIES = YES;
				INFOPLIST_FILE = match3UITests/Info.plist;
				LD_RUNPATH_SEARCH_PATHS = "$(inherited) @executable_path/Frameworks @loader_path/Frameworks";
				PRODUCT_BUNDLE_IDENTIFIER = com.qwe.qwe.match3UITests;
				PRODUCT_NAME = "$(TARGET_NAME)";
				SWIFT_VERSION = 3.0;
				TEST_TARGET_NAME = match3;
			};
			name = Debug;
		};
		1F2AEDE81EFD5863001AEBB7 /* Release */ = {
			isa = XCBuildConfiguration;
			buildSettings = {
				ALWAYS_EMBED_SWIFT_STANDARD_LIBRARIES = YES;
				INFOPLIST_FILE = match3UITests/Info.plist;
				LD_RUNPATH_SEARCH_PATHS = "$(inherited) @executable_path/Frameworks @loader_path/Frameworks";
				PRODUCT_BUNDLE_IDENTIFIER = com.qwe.qwe.match3UITests;
				PRODUCT_NAME = "$(TARGET_NAME)";
				SWIFT_VERSION = 3.0;
				TEST_TARGET_NAME = match3;
			};
			name = Release;
		};
/* End XCBuildConfiguration section */

/* Begin XCConfigurationList section */
		1F2AEDAD1EFD5862001AEBB7 /* Build configuration list for PBXProject "match3" */ = {
			isa = XCConfigurationList;
			buildConfigurations = (
				1F2AEDDE1EFD5863001AEBB7 /* Debug */,
				1F2AEDDF1EFD5863001AEBB7 /* Release */,
			);
			defaultConfigurationIsVisible = 0;
			defaultConfigurationName = Release;
		};
		1F2AEDE01EFD5863001AEBB7 /* Build configuration list for PBXNativeTarget "match3" */ = {
			isa = XCConfigurationList;
			buildConfigurations = (
				1F2AEDE11EFD5863001AEBB7 /* Debug */,
				1F2AEDE21EFD5863001AEBB7 /* Release */,
			);
			defaultConfigurationIsVisible = 0;
			defaultConfigurationName = Release;
		};
		1F2AEDE31EFD5863001AEBB7 /* Build configuration list for PBXNativeTarget "match3Tests" */ = {
			isa = XCConfigurationList;
			buildConfigurations = (
				1F2AEDE41EFD5863001AEBB7 /* Debug */,
				1F2AEDE51EFD5863001AEBB7 /* Release */,
			);
			defaultConfigurationIsVisible = 0;
			defaultConfigurationName = Release;
		};
		1F2AEDE61EFD5863001AEBB7 /* Build configuration list for PBXNativeTarget "match3UITests" */ = {
			isa = XCConfigurationList;
			buildConfigurations = (
				1F2AEDE71EFD5863001AEBB7 /* Debug */,
				1F2AEDE81EFD5863001AEBB7 /* Release */,
			);
			defaultConfigurationIsVisible = 0;
			defaultConfigurationName = Release;
		};
/* End XCConfigurationList section */
	};
	rootObject = 1F2AEDAA1EFD5862001AEBB7 /* Project object */;
}
